// !$*UTF8*$!
{
	archiveVersion = 1;
	classes = {
	};
	objectVersion = 56;
	objects = {

/* Begin PBXBuildFile section */
		2157095F2AD530F8006ABE35 /* ProfileHeaderView.swift in Sources */ = {isa = PBXBuildFile; fileRef = 2157095E2AD530F8006ABE35 /* ProfileHeaderView.swift */; };
		215709662AD67625006ABE35 /* UserViewModel.swift in Sources */ = {isa = PBXBuildFile; fileRef = 215709652AD67625006ABE35 /* UserViewModel.swift */; };
		2157096A2AD68960006ABE35 /* ImageEditModalView.swift in Sources */ = {isa = PBXBuildFile; fileRef = 215709692AD68960006ABE35 /* ImageEditModalView.swift */; };
		2157096C2AD69246006ABE35 /* CameraView.swift in Sources */ = {isa = PBXBuildFile; fileRef = 2157096B2AD69246006ABE35 /* CameraView.swift */; };
		21C1F1AB2ACFEE670029E436 /* ProfileView.swift in Sources */ = {isa = PBXBuildFile; fileRef = 21C1F1AA2ACFEE670029E436 /* ProfileView.swift */; };
		21C1F1AD2ACFEE810029E436 /* UserContentListView.swift in Sources */ = {isa = PBXBuildFile; fileRef = 21C1F1AC2ACFEE810029E436 /* UserContentListView.swift */; };
		21C1F1AF2ACFEE980029E436 /* RoundSpecificCorners.swift in Sources */ = {isa = PBXBuildFile; fileRef = 21C1F1AE2ACFEE980029E436 /* RoundSpecificCorners.swift */; };
		21C1F1B12ACFEEAB0029E436 /* EditProfileView.swift in Sources */ = {isa = PBXBuildFile; fileRef = 21C1F1B02ACFEEAB0029E436 /* EditProfileView.swift */; };
		21C1F1B32ACFEEC10029E436 /* MyGroupView.swift in Sources */ = {isa = PBXBuildFile; fileRef = 21C1F1B22ACFEEC10029E436 /* MyGroupView.swift */; };
		21C1F1B62ACFEEDD0029E436 /* MyGroupScheduleView.swift in Sources */ = {isa = PBXBuildFile; fileRef = 21C1F1B52ACFEEDD0029E436 /* MyGroupScheduleView.swift */; };
		21C1F1B82ACFEEEC0029E436 /* SettingView.swift in Sources */ = {isa = PBXBuildFile; fileRef = 21C1F1B72ACFEEEC0029E436 /* SettingView.swift */; };
		311097322AD41722000D85AD /* LaunchView.swift in Sources */ = {isa = PBXBuildFile; fileRef = 311097312AD41722000D85AD /* LaunchView.swift */; };
		3110973A2AD417A1000D85AD /* UserStore.swift in Sources */ = {isa = PBXBuildFile; fileRef = 311097382AD417A1000D85AD /* UserStore.swift */; };
		3110973B2AD417A1000D85AD /* AuthStore.swift in Sources */ = {isa = PBXBuildFile; fileRef = 311097392AD417A1000D85AD /* AuthStore.swift */; };
		311097442AD417AD000D85AD /* AuthCompleteView.swift in Sources */ = {isa = PBXBuildFile; fileRef = 3110973E2AD417AD000D85AD /* AuthCompleteView.swift */; };
		311097452AD417AD000D85AD /* AuthSignEmailView.swift in Sources */ = {isa = PBXBuildFile; fileRef = 3110973F2AD417AD000D85AD /* AuthSignEmailView.swift */; };
		311097462AD417AD000D85AD /* AuthStartView.swift in Sources */ = {isa = PBXBuildFile; fileRef = 311097402AD417AD000D85AD /* AuthStartView.swift */; };
		311097472AD417AD000D85AD /* AuthAddDetailInfoView.swift in Sources */ = {isa = PBXBuildFile; fileRef = 311097412AD417AD000D85AD /* AuthAddDetailInfoView.swift */; };
		311097482AD417AD000D85AD /* AuthAddMainInfoView.swift in Sources */ = {isa = PBXBuildFile; fileRef = 311097422AD417AD000D85AD /* AuthAddMainInfoView.swift */; };
		3110974E2AD417DB000D85AD /* ChatStore.swift in Sources */ = {isa = PBXBuildFile; fileRef = 3110974D2AD417DB000D85AD /* ChatStore.swift */; };
		311097532AD417E3000D85AD /* ChatDetailView.swift in Sources */ = {isa = PBXBuildFile; fileRef = 311097502AD417E3000D85AD /* ChatDetailView.swift */; };
		311097542AD417E3000D85AD /* ChatListView.swift in Sources */ = {isa = PBXBuildFile; fileRef = 311097512AD417E3000D85AD /* ChatListView.swift */; };
		311097582AD417ED000D85AD /* MessageBubbles.swift in Sources */ = {isa = PBXBuildFile; fileRef = 311097552AD417ED000D85AD /* MessageBubbles.swift */; };
		311097592AD417ED000D85AD /* ChatRoomCell.swift in Sources */ = {isa = PBXBuildFile; fileRef = 311097562AD417ED000D85AD /* ChatRoomCell.swift */; };
		3110975A2AD417ED000D85AD /* ChatSideMenuView.swift in Sources */ = {isa = PBXBuildFile; fileRef = 311097572AD417ED000D85AD /* ChatSideMenuView.swift */; };
		3110975F2AD417FD000D85AD /* ChatSegment.swift in Sources */ = {isa = PBXBuildFile; fileRef = 3110975B2AD417FD000D85AD /* ChatSegment.swift */; };
		311097602AD417FD000D85AD /* ChatRoom.swift in Sources */ = {isa = PBXBuildFile; fileRef = 3110975C2AD417FD000D85AD /* ChatRoom.swift */; };
		311097612AD417FD000D85AD /* Bubble.swift in Sources */ = {isa = PBXBuildFile; fileRef = 3110975D2AD417FD000D85AD /* Bubble.swift */; };
		311097622AD417FD000D85AD /* ChatMessage.swift in Sources */ = {isa = PBXBuildFile; fileRef = 3110975E2AD417FD000D85AD /* ChatMessage.swift */; };
		3110976D2AD4180F000D85AD /* GrewProgressViewStyle.swift in Sources */ = {isa = PBXBuildFile; fileRef = 311097632AD4180E000D85AD /* GrewProgressViewStyle.swift */; };
		3110976E2AD4180F000D85AD /* GroupCategoryView.swift in Sources */ = {isa = PBXBuildFile; fileRef = 311097642AD4180E000D85AD /* GroupCategoryView.swift */; };
		3110976F2AD4180F000D85AD /* NewGroupView.swift in Sources */ = {isa = PBXBuildFile; fileRef = 311097652AD4180E000D85AD /* NewGroupView.swift */; };
		311097702AD4180F000D85AD /* GroupMembersEditView.swift in Sources */ = {isa = PBXBuildFile; fileRef = 311097662AD4180E000D85AD /* GroupMembersEditView.swift */; };
		311097712AD4180F000D85AD /* GroupAlertView.swift in Sources */ = {isa = PBXBuildFile; fileRef = 311097672AD4180E000D85AD /* GroupAlertView.swift */; };
		311097722AD4180F000D85AD /* GroupCheckFeeView.swift in Sources */ = {isa = PBXBuildFile; fileRef = 311097682AD4180E000D85AD /* GroupCheckFeeView.swift */; };
		311097752AD4180F000D85AD /* GroupNameView.swift in Sources */ = {isa = PBXBuildFile; fileRef = 3110976B2AD4180F000D85AD /* GroupNameView.swift */; };
		311097822AD41816000D85AD /* TempHomeCategory.swift in Sources */ = {isa = PBXBuildFile; fileRef = 311097782AD41815000D85AD /* TempHomeCategory.swift */; };
		311097842AD41816000D85AD /* CategoryDetailView.swift in Sources */ = {isa = PBXBuildFile; fileRef = 3110977A2AD41815000D85AD /* CategoryDetailView.swift */; };
		311097872AD41816000D85AD /* CategoryButtonView.swift in Sources */ = {isa = PBXBuildFile; fileRef = 3110977D2AD41815000D85AD /* CategoryButtonView.swift */; };
		311097882AD41816000D85AD /* HomeBannerView.swift in Sources */ = {isa = PBXBuildFile; fileRef = 3110977E2AD41816000D85AD /* HomeBannerView.swift */; };
		311097A42AD41882000D85AD /* Announcement.swift in Sources */ = {isa = PBXBuildFile; fileRef = 3110979B2AD41881000D85AD /* Announcement.swift */; };
		311097A52AD41882000D85AD /* Category.swift in Sources */ = {isa = PBXBuildFile; fileRef = 3110979C2AD41881000D85AD /* Category.swift */; };
		311097A62AD41882000D85AD /* AppState.swift in Sources */ = {isa = PBXBuildFile; fileRef = 3110979D2AD41881000D85AD /* AppState.swift */; };
		311097A72AD41882000D85AD /* GrewViewModel.swift in Sources */ = {isa = PBXBuildFile; fileRef = 3110979E2AD41881000D85AD /* GrewViewModel.swift */; };
		311097A82AD41882000D85AD /* Grew.swift in Sources */ = {isa = PBXBuildFile; fileRef = 3110979F2AD41881000D85AD /* Grew.swift */; };
		311097A92AD41882000D85AD /* SettingStore.swift in Sources */ = {isa = PBXBuildFile; fileRef = 311097A02AD41882000D85AD /* SettingStore.swift */; };
		311097AA2AD41882000D85AD /* ImagePicker.swift in Sources */ = {isa = PBXBuildFile; fileRef = 311097A12AD41882000D85AD /* ImagePicker.swift */; };
		311097AC2AD41882000D85AD /* User.swift in Sources */ = {isa = PBXBuildFile; fileRef = 311097A32AD41882000D85AD /* User.swift */; };
		311097B02AD4188E000D85AD /* FirebaseManager.swift in Sources */ = {isa = PBXBuildFile; fileRef = 311097AD2AD4188E000D85AD /* FirebaseManager.swift */; };
		311097B12AD4188E000D85AD /* FirestoreService.swift in Sources */ = {isa = PBXBuildFile; fileRef = 311097AE2AD4188E000D85AD /* FirestoreService.swift */; };
		311097B22AD4188E000D85AD /* DateService.swift in Sources */ = {isa = PBXBuildFile; fileRef = 311097AF2AD4188E000D85AD /* DateService.swift */; };
		311097B52AD41897000D85AD /* CircularProfileImageView.swift in Sources */ = {isa = PBXBuildFile; fileRef = 311097B32AD41897000D85AD /* CircularProfileImageView.swift */; };
		311097B62AD41897000D85AD /* LoadingView.swift in Sources */ = {isa = PBXBuildFile; fileRef = 311097B42AD41897000D85AD /* LoadingView.swift */; };
		311097BA2AD418A6000D85AD /* Constants.swift in Sources */ = {isa = PBXBuildFile; fileRef = 311097B82AD418A6000D85AD /* Constants.swift */; };
		311097BB2AD418A6000D85AD /* FirebaseEnums.swift in Sources */ = {isa = PBXBuildFile; fileRef = 311097B92AD418A6000D85AD /* FirebaseEnums.swift */; };
		311097BE2AD418B3000D85AD /* FireCodable.swift in Sources */ = {isa = PBXBuildFile; fileRef = 311097BD2AD418B3000D85AD /* FireCodable.swift */; };
		311097C02AD418C1000D85AD /* AnimationModifier.swift in Sources */ = {isa = PBXBuildFile; fileRef = 311097BF2AD418C1000D85AD /* AnimationModifier.swift */; };
		311097C22AD418CF000D85AD /* Categories.json in Resources */ = {isa = PBXBuildFile; fileRef = 311097C12AD418CF000D85AD /* Categories.json */; };
		311097C42AD41982000D85AD /* ChatUserContentListView.swift in Sources */ = {isa = PBXBuildFile; fileRef = 311097C32AD41982000D85AD /* ChatUserContentListView.swift */; };
		312E98672ACCED3600E38626 /* GrewApp.swift in Sources */ = {isa = PBXBuildFile; fileRef = 312E98662ACCED3600E38626 /* GrewApp.swift */; };
		312E986B2ACCED3800E38626 /* Assets.xcassets in Resources */ = {isa = PBXBuildFile; fileRef = 312E986A2ACCED3800E38626 /* Assets.xcassets */; };
		312E986E2ACCED3800E38626 /* Preview Assets.xcassets in Resources */ = {isa = PBXBuildFile; fileRef = 312E986D2ACCED3800E38626 /* Preview Assets.xcassets */; };
		312E98762ACCF23F00E38626 /* Kingfisher in Frameworks */ = {isa = PBXBuildFile; productRef = 312E98752ACCF23F00E38626 /* Kingfisher */; };
		312E98792ACCF35100E38626 /* FirebaseAuth in Frameworks */ = {isa = PBXBuildFile; productRef = 312E98782ACCF35100E38626 /* FirebaseAuth */; };
		312E987B2ACCF35100E38626 /* FirebaseAuthCombine-Community in Frameworks */ = {isa = PBXBuildFile; productRef = 312E987A2ACCF35100E38626 /* FirebaseAuthCombine-Community */; };
		312E987D2ACCF35100E38626 /* FirebaseDatabase in Frameworks */ = {isa = PBXBuildFile; productRef = 312E987C2ACCF35100E38626 /* FirebaseDatabase */; };
		312E987F2ACCF35100E38626 /* FirebaseDatabaseSwift in Frameworks */ = {isa = PBXBuildFile; productRef = 312E987E2ACCF35100E38626 /* FirebaseDatabaseSwift */; };
		312E98812ACCF35100E38626 /* FirebaseFirestore in Frameworks */ = {isa = PBXBuildFile; productRef = 312E98802ACCF35100E38626 /* FirebaseFirestore */; };
		312E98832ACCF35100E38626 /* FirebaseFirestoreCombine-Community in Frameworks */ = {isa = PBXBuildFile; productRef = 312E98822ACCF35100E38626 /* FirebaseFirestoreCombine-Community */; };
		312E98852ACCF35100E38626 /* FirebaseFirestoreSwift in Frameworks */ = {isa = PBXBuildFile; productRef = 312E98842ACCF35100E38626 /* FirebaseFirestoreSwift */; };
		312E98872ACCF35100E38626 /* FirebaseFunctions in Frameworks */ = {isa = PBXBuildFile; productRef = 312E98862ACCF35100E38626 /* FirebaseFunctions */; };
		312E988F2ACCF35100E38626 /* FirebaseInstallations in Frameworks */ = {isa = PBXBuildFile; productRef = 312E988E2ACCF35100E38626 /* FirebaseInstallations */; };
		312E98932ACCF35100E38626 /* FirebaseMessaging in Frameworks */ = {isa = PBXBuildFile; productRef = 312E98922ACCF35100E38626 /* FirebaseMessaging */; };
		312E98952ACCF35100E38626 /* FirebaseStorage in Frameworks */ = {isa = PBXBuildFile; productRef = 312E98942ACCF35100E38626 /* FirebaseStorage */; };
		312E98972ACCF35100E38626 /* FirebaseStorageCombine-Community in Frameworks */ = {isa = PBXBuildFile; productRef = 312E98962ACCF35100E38626 /* FirebaseStorageCombine-Community */; };
		312E989A2ACCF54A00E38626 /* .swiftlint.yml in Resources */ = {isa = PBXBuildFile; fileRef = 312E98992ACCF54A00E38626 /* .swiftlint.yml */; };
		312E989F2ACCF7E000E38626 /* FacebookBasics in Frameworks */ = {isa = PBXBuildFile; productRef = 312E989E2ACCF7E000E38626 /* FacebookBasics */; };
		312E98A12ACCF7E000E38626 /* FacebookCore in Frameworks */ = {isa = PBXBuildFile; productRef = 312E98A02ACCF7E000E38626 /* FacebookCore */; };
		312E98A32ACCF7E000E38626 /* FacebookLogin in Frameworks */ = {isa = PBXBuildFile; productRef = 312E98A22ACCF7E000E38626 /* FacebookLogin */; };
		312E98AA2ACCF80300E38626 /* KakaoSDK in Frameworks */ = {isa = PBXBuildFile; productRef = 312E98A92ACCF80300E38626 /* KakaoSDK */; };
		312E98AC2ACCF80300E38626 /* KakaoSDKAuth in Frameworks */ = {isa = PBXBuildFile; productRef = 312E98AB2ACCF80300E38626 /* KakaoSDKAuth */; };
		312E98B22ACCF80300E38626 /* KakaoSDKCommon in Frameworks */ = {isa = PBXBuildFile; productRef = 312E98B12ACCF80300E38626 /* KakaoSDKCommon */; };
		312E98B62ACCF80300E38626 /* KakaoSDKFriendCore in Frameworks */ = {isa = PBXBuildFile; productRef = 312E98B52ACCF80300E38626 /* KakaoSDKFriendCore */; };
		312E98C22ACCF80300E38626 /* KakaoSDKUser in Frameworks */ = {isa = PBXBuildFile; productRef = 312E98C12ACCF80300E38626 /* KakaoSDKUser */; };
		312E98C82ACD20FF00E38626 /* GoogleSignIn in Frameworks */ = {isa = PBXBuildFile; productRef = 312E98C72ACD20FF00E38626 /* GoogleSignIn */; };
		312E98CA2ACD20FF00E38626 /* GoogleSignInSwift in Frameworks */ = {isa = PBXBuildFile; productRef = 312E98C92ACD20FF00E38626 /* GoogleSignInSwift */; };
		312E98E02ACD2EAA00E38626 /* Color+Extensions.swift in Sources */ = {isa = PBXBuildFile; fileRef = 312E98D82ACD2EAA00E38626 /* Color+Extensions.swift */; };
		312E98E12ACD2EAA00E38626 /* Array+Extensions.swift in Sources */ = {isa = PBXBuildFile; fileRef = 312E98D92ACD2EAA00E38626 /* Array+Extensions.swift */; };
		312E98E22ACD2EAA00E38626 /* String+Extensions.swift in Sources */ = {isa = PBXBuildFile; fileRef = 312E98DA2ACD2EAA00E38626 /* String+Extensions.swift */; };
		312E98E32ACD2EAA00E38626 /* UIImage+Extensions.swift in Sources */ = {isa = PBXBuildFile; fileRef = 312E98DB2ACD2EAA00E38626 /* UIImage+Extensions.swift */; };
		312E98E42ACD2EAA00E38626 /* Image+Extensions.swift in Sources */ = {isa = PBXBuildFile; fileRef = 312E98DC2ACD2EAA00E38626 /* Image+Extensions.swift */; };
		312E98E52ACD2EAA00E38626 /* Date+Extensions.swift in Sources */ = {isa = PBXBuildFile; fileRef = 312E98DD2ACD2EAA00E38626 /* Date+Extensions.swift */; };
		312E98E62ACD2EAA00E38626 /* Encodable+Extensions.swift in Sources */ = {isa = PBXBuildFile; fileRef = 312E98DE2ACD2EAA00E38626 /* Encodable+Extensions.swift */; };
		312E98E72ACD2EAA00E38626 /* UIImagePickerController.SourceType+Extensions.swift in Sources */ = {isa = PBXBuildFile; fileRef = 312E98DF2ACD2EAA00E38626 /* UIImagePickerController.SourceType+Extensions.swift */; };
		3137A2812AD62ED1000E9ADF /* GrewListView.swift in Sources */ = {isa = PBXBuildFile; fileRef = 3137A27E2AD62ED1000E9ADF /* GrewListView.swift */; };
		3137A2822AD62ED1000E9ADF /* GrewImageView.swift in Sources */ = {isa = PBXBuildFile; fileRef = 3137A27F2AD62ED1000E9ADF /* GrewImageView.swift */; };
		3137A2832AD62ED1000E9ADF /* GrewCellView.swift in Sources */ = {isa = PBXBuildFile; fileRef = 3137A2802AD62ED1000E9ADF /* GrewCellView.swift */; };
		3137A2852AD62EEE000E9ADF /* MapView.swift in Sources */ = {isa = PBXBuildFile; fileRef = 3137A2842AD62EEE000E9ADF /* MapView.swift */; };
		3A8FAAE52ACD4D00008C8CA3 /* Font+Extensions.swift in Sources */ = {isa = PBXBuildFile; fileRef = 3A8FAAE42ACD4D00008C8CA3 /* Font+Extensions.swift */; };
		3AF1D49A2AD3F9FE00ECE1A8 /* SCDream5.otf in Resources */ = {isa = PBXBuildFile; fileRef = 3AF1D4902AD3F9FD00ECE1A8 /* SCDream5.otf */; };
		3AF1D49C2AD3F9FE00ECE1A8 /* SCDream3.otf in Resources */ = {isa = PBXBuildFile; fileRef = 3AF1D4922AD3F9FE00ECE1A8 /* SCDream3.otf */; };
		3AF1D4A12AD3F9FE00ECE1A8 /* SCDream7.otf in Resources */ = {isa = PBXBuildFile; fileRef = 3AF1D4972AD3F9FE00ECE1A8 /* SCDream7.otf */; };
		3AF1D4A62AD4D5C000ECE1A8 /* MainMapView.swift in Sources */ = {isa = PBXBuildFile; fileRef = 3AF1D4A52AD4D5C000ECE1A8 /* MainMapView.swift */; };
		3AF1D4A92AD4D60700ECE1A8 /* MainMapOverTopView.swift in Sources */ = {isa = PBXBuildFile; fileRef = 3AF1D4A82AD4D60700ECE1A8 /* MainMapOverTopView.swift */; };
		3AF1D4AB2AD4D62C00ECE1A8 /* MainMapOverSheetView.swift in Sources */ = {isa = PBXBuildFile; fileRef = 3AF1D4AA2AD4D62C00ECE1A8 /* MainMapOverSheetView.swift */; };
		3AF1D4AD2AD4D65900ECE1A8 /* NaverMapView.swift in Sources */ = {isa = PBXBuildFile; fileRef = 3AF1D4AC2AD4D65900ECE1A8 /* NaverMapView.swift */; };
		3AF1D4AF2AD4D75A00ECE1A8 /* MapListItemView.swift in Sources */ = {isa = PBXBuildFile; fileRef = 3AF1D4AE2AD4D75A00ECE1A8 /* MapListItemView.swift */; };
		64877CB22AD5145100192DB4 /* AuthAgreeView.swift in Sources */ = {isa = PBXBuildFile; fileRef = 64877CB12AD5145100192DB4 /* AuthAgreeView.swift */; };
		64877CB42AD51A7100192DB4 /* AuthAgreeCheckView.swift in Sources */ = {isa = PBXBuildFile; fileRef = 64877CB32AD51A7100192DB4 /* AuthAgreeCheckView.swift */; };
		64877CB62AD5B2BD00192DB4 /* AuthProgressBar.swift in Sources */ = {isa = PBXBuildFile; fileRef = 64877CB52AD5B2BD00192DB4 /* AuthProgressBar.swift */; };
		64877CB82AD5BF8E00192DB4 /* AuthRegisterEmailView.swift in Sources */ = {isa = PBXBuildFile; fileRef = 64877CB72AD5BF8E00192DB4 /* AuthRegisterEmailView.swift */; };
		64AB27D62AD6683E004DE65F /* LaunchVM.swift in Sources */ = {isa = PBXBuildFile; fileRef = 64AB27D52AD6683E004DE65F /* LaunchVM.swift */; };
		64AB27DA2AD6753B004DE65F /* RegisterVM.swift in Sources */ = {isa = PBXBuildFile; fileRef = 64AB27D92AD6753A004DE65F /* RegisterVM.swift */; };
		991E7B922AD7D1BA002ECEE3 /* TabBarAccessor.swift in Sources */ = {isa = PBXBuildFile; fileRef = 991E7B912AD7D1BA002ECEE3 /* TabBarAccessor.swift */; };
		99266D832AD635BA00FB6AC1 /* ConfettiSwiftUI in Frameworks */ = {isa = PBXBuildFile; productRef = 99266D822AD635BA00FB6AC1 /* ConfettiSwiftUI */; };
		99266D872AD710D400FB6AC1 /* GrewButtonModifier.swift in Sources */ = {isa = PBXBuildFile; fileRef = 99266D862AD710D400FB6AC1 /* GrewButtonModifier.swift */; };
		993274132AD531F40082FCEC /* GrewScheduleCell.swift in Sources */ = {isa = PBXBuildFile; fileRef = 993274122AD531F40082FCEC /* GrewScheduleCell.swift */; };
		993274152AD5325B0082FCEC /* GrewScheduleListView.swift in Sources */ = {isa = PBXBuildFile; fileRef = 993274142AD5325B0082FCEC /* GrewScheduleListView.swift */; };
		993274172AD5360E0082FCEC /* GrewScheduleImage.swift in Sources */ = {isa = PBXBuildFile; fileRef = 993274162AD5360E0082FCEC /* GrewScheduleImage.swift */; };
		995095302ADCBA77003A822E /* GroupSubCategoryView.swift in Sources */ = {isa = PBXBuildFile; fileRef = 9950952F2ADCBA77003A822E /* GroupSubCategoryView.swift */; };
		995095322ADCD6D3003A822E /* GroupMainCategoryView.swift in Sources */ = {isa = PBXBuildFile; fileRef = 995095312ADCD6D3003A822E /* GroupMainCategoryView.swift */; };
		99D2C6422ACD4332001FEC20 /* MainTabView.swift in Sources */ = {isa = PBXBuildFile; fileRef = 99D2C6412ACD4332001FEC20 /* MainTabView.swift */; };
		99D2C6442ACD4913001FEC20 /* HomeView.swift in Sources */ = {isa = PBXBuildFile; fileRef = 99D2C6432ACD4913001FEC20 /* HomeView.swift */; };
		99EED12E2ADC3034000E7F0C /* GoogleService-Info.plist in Resources */ = {isa = PBXBuildFile; fileRef = 99EED12D2ADC3034000E7F0C /* GoogleService-Info.plist */; };
		CE467AD72AD5061C00143213 /* GrewSearchView.swift in Sources */ = {isa = PBXBuildFile; fileRef = CE467AD62AD5061C00143213 /* GrewSearchView.swift */; };
		CE467ADB2AD530CA00143213 /* View+Extensions.swift in Sources */ = {isa = PBXBuildFile; fileRef = CE467ADA2AD530CA00143213 /* View+Extensions.swift */; };
		CE467ADD2AD5316500143213 /* GrewAlertModifier.swift in Sources */ = {isa = PBXBuildFile; fileRef = CE467ADC2AD5316500143213 /* GrewAlertModifier.swift */; };
		CEB6CBB92AD682DE00515EEA /* GrewTextField.swift in Sources */ = {isa = PBXBuildFile; fileRef = CEB6CBB82AD682DE00515EEA /* GrewTextField.swift */; };
		F2E20584B15966D0028FE8B5 /* Pods_Grew.framework in Frameworks */ = {isa = PBXBuildFile; fileRef = 89D1665606D5C84E091AB4CB /* Pods_Grew.framework */; };
/* End PBXBuildFile section */

/* Begin PBXFileReference section */
		1EEADA76F4AB5F4F868CFB93 /* Pods-Grew.debug.xcconfig */ = {isa = PBXFileReference; includeInIndex = 1; lastKnownFileType = text.xcconfig; name = "Pods-Grew.debug.xcconfig"; path = "Target Support Files/Pods-Grew/Pods-Grew.debug.xcconfig"; sourceTree = "<group>"; };
		2157095E2AD530F8006ABE35 /* ProfileHeaderView.swift */ = {isa = PBXFileReference; lastKnownFileType = sourcecode.swift; path = ProfileHeaderView.swift; sourceTree = "<group>"; };
		215709652AD67625006ABE35 /* UserViewModel.swift */ = {isa = PBXFileReference; lastKnownFileType = sourcecode.swift; path = UserViewModel.swift; sourceTree = "<group>"; };
		215709692AD68960006ABE35 /* ImageEditModalView.swift */ = {isa = PBXFileReference; lastKnownFileType = sourcecode.swift; path = ImageEditModalView.swift; sourceTree = "<group>"; };
		2157096B2AD69246006ABE35 /* CameraView.swift */ = {isa = PBXFileReference; lastKnownFileType = sourcecode.swift; path = CameraView.swift; sourceTree = "<group>"; };
		21C1F1AA2ACFEE670029E436 /* ProfileView.swift */ = {isa = PBXFileReference; lastKnownFileType = sourcecode.swift; path = ProfileView.swift; sourceTree = "<group>"; };
		21C1F1AC2ACFEE810029E436 /* UserContentListView.swift */ = {isa = PBXFileReference; lastKnownFileType = sourcecode.swift; path = UserContentListView.swift; sourceTree = "<group>"; };
		21C1F1AE2ACFEE980029E436 /* RoundSpecificCorners.swift */ = {isa = PBXFileReference; lastKnownFileType = sourcecode.swift; path = RoundSpecificCorners.swift; sourceTree = "<group>"; };
		21C1F1B02ACFEEAB0029E436 /* EditProfileView.swift */ = {isa = PBXFileReference; lastKnownFileType = sourcecode.swift; path = EditProfileView.swift; sourceTree = "<group>"; };
		21C1F1B22ACFEEC10029E436 /* MyGroupView.swift */ = {isa = PBXFileReference; lastKnownFileType = sourcecode.swift; path = MyGroupView.swift; sourceTree = "<group>"; };
		21C1F1B52ACFEEDD0029E436 /* MyGroupScheduleView.swift */ = {isa = PBXFileReference; lastKnownFileType = sourcecode.swift; path = MyGroupScheduleView.swift; sourceTree = "<group>"; };
		21C1F1B72ACFEEEC0029E436 /* SettingView.swift */ = {isa = PBXFileReference; lastKnownFileType = sourcecode.swift; path = SettingView.swift; sourceTree = "<group>"; };
		311097312AD41722000D85AD /* LaunchView.swift */ = {isa = PBXFileReference; fileEncoding = 4; lastKnownFileType = sourcecode.swift; path = LaunchView.swift; sourceTree = "<group>"; };
		311097382AD417A1000D85AD /* UserStore.swift */ = {isa = PBXFileReference; fileEncoding = 4; lastKnownFileType = sourcecode.swift; path = UserStore.swift; sourceTree = "<group>"; };
		311097392AD417A1000D85AD /* AuthStore.swift */ = {isa = PBXFileReference; fileEncoding = 4; lastKnownFileType = sourcecode.swift; path = AuthStore.swift; sourceTree = "<group>"; };
		3110973E2AD417AD000D85AD /* AuthCompleteView.swift */ = {isa = PBXFileReference; fileEncoding = 4; lastKnownFileType = sourcecode.swift; path = AuthCompleteView.swift; sourceTree = "<group>"; };
		3110973F2AD417AD000D85AD /* AuthSignEmailView.swift */ = {isa = PBXFileReference; fileEncoding = 4; lastKnownFileType = sourcecode.swift; path = AuthSignEmailView.swift; sourceTree = "<group>"; };
		311097402AD417AD000D85AD /* AuthStartView.swift */ = {isa = PBXFileReference; fileEncoding = 4; lastKnownFileType = sourcecode.swift; path = AuthStartView.swift; sourceTree = "<group>"; };
		311097412AD417AD000D85AD /* AuthAddDetailInfoView.swift */ = {isa = PBXFileReference; fileEncoding = 4; lastKnownFileType = sourcecode.swift; path = AuthAddDetailInfoView.swift; sourceTree = "<group>"; };
		311097422AD417AD000D85AD /* AuthAddMainInfoView.swift */ = {isa = PBXFileReference; fileEncoding = 4; lastKnownFileType = sourcecode.swift; path = AuthAddMainInfoView.swift; sourceTree = "<group>"; };
		3110974D2AD417DB000D85AD /* ChatStore.swift */ = {isa = PBXFileReference; fileEncoding = 4; lastKnownFileType = sourcecode.swift; path = ChatStore.swift; sourceTree = "<group>"; };
		311097502AD417E3000D85AD /* ChatDetailView.swift */ = {isa = PBXFileReference; fileEncoding = 4; lastKnownFileType = sourcecode.swift; path = ChatDetailView.swift; sourceTree = "<group>"; };
		311097512AD417E3000D85AD /* ChatListView.swift */ = {isa = PBXFileReference; fileEncoding = 4; lastKnownFileType = sourcecode.swift; path = ChatListView.swift; sourceTree = "<group>"; };
		311097552AD417ED000D85AD /* MessageBubbles.swift */ = {isa = PBXFileReference; fileEncoding = 4; lastKnownFileType = sourcecode.swift; path = MessageBubbles.swift; sourceTree = "<group>"; };
		311097562AD417ED000D85AD /* ChatRoomCell.swift */ = {isa = PBXFileReference; fileEncoding = 4; lastKnownFileType = sourcecode.swift; path = ChatRoomCell.swift; sourceTree = "<group>"; };
		311097572AD417ED000D85AD /* ChatSideMenuView.swift */ = {isa = PBXFileReference; fileEncoding = 4; lastKnownFileType = sourcecode.swift; path = ChatSideMenuView.swift; sourceTree = "<group>"; };
		3110975B2AD417FD000D85AD /* ChatSegment.swift */ = {isa = PBXFileReference; fileEncoding = 4; lastKnownFileType = sourcecode.swift; path = ChatSegment.swift; sourceTree = "<group>"; };
		3110975C2AD417FD000D85AD /* ChatRoom.swift */ = {isa = PBXFileReference; fileEncoding = 4; lastKnownFileType = sourcecode.swift; path = ChatRoom.swift; sourceTree = "<group>"; };
		3110975D2AD417FD000D85AD /* Bubble.swift */ = {isa = PBXFileReference; fileEncoding = 4; lastKnownFileType = sourcecode.swift; path = Bubble.swift; sourceTree = "<group>"; };
		3110975E2AD417FD000D85AD /* ChatMessage.swift */ = {isa = PBXFileReference; fileEncoding = 4; lastKnownFileType = sourcecode.swift; path = ChatMessage.swift; sourceTree = "<group>"; };
		311097632AD4180E000D85AD /* GrewProgressViewStyle.swift */ = {isa = PBXFileReference; fileEncoding = 4; lastKnownFileType = sourcecode.swift; path = GrewProgressViewStyle.swift; sourceTree = "<group>"; };
		311097642AD4180E000D85AD /* GroupCategoryView.swift */ = {isa = PBXFileReference; fileEncoding = 4; lastKnownFileType = sourcecode.swift; path = GroupCategoryView.swift; sourceTree = "<group>"; };
		311097652AD4180E000D85AD /* NewGroupView.swift */ = {isa = PBXFileReference; fileEncoding = 4; lastKnownFileType = sourcecode.swift; path = NewGroupView.swift; sourceTree = "<group>"; };
		311097662AD4180E000D85AD /* GroupMembersEditView.swift */ = {isa = PBXFileReference; fileEncoding = 4; lastKnownFileType = sourcecode.swift; path = GroupMembersEditView.swift; sourceTree = "<group>"; };
		311097672AD4180E000D85AD /* GroupAlertView.swift */ = {isa = PBXFileReference; fileEncoding = 4; lastKnownFileType = sourcecode.swift; path = GroupAlertView.swift; sourceTree = "<group>"; };
		311097682AD4180E000D85AD /* GroupCheckFeeView.swift */ = {isa = PBXFileReference; fileEncoding = 4; lastKnownFileType = sourcecode.swift; path = GroupCheckFeeView.swift; sourceTree = "<group>"; };
		3110976B2AD4180F000D85AD /* GroupNameView.swift */ = {isa = PBXFileReference; fileEncoding = 4; lastKnownFileType = sourcecode.swift; path = GroupNameView.swift; sourceTree = "<group>"; };
		311097782AD41815000D85AD /* TempHomeCategory.swift */ = {isa = PBXFileReference; fileEncoding = 4; lastKnownFileType = sourcecode.swift; path = TempHomeCategory.swift; sourceTree = "<group>"; };
		3110977A2AD41815000D85AD /* CategoryDetailView.swift */ = {isa = PBXFileReference; fileEncoding = 4; lastKnownFileType = sourcecode.swift; path = CategoryDetailView.swift; sourceTree = "<group>"; };
		3110977D2AD41815000D85AD /* CategoryButtonView.swift */ = {isa = PBXFileReference; fileEncoding = 4; lastKnownFileType = sourcecode.swift; path = CategoryButtonView.swift; sourceTree = "<group>"; };
		3110977E2AD41816000D85AD /* HomeBannerView.swift */ = {isa = PBXFileReference; fileEncoding = 4; lastKnownFileType = sourcecode.swift; path = HomeBannerView.swift; sourceTree = "<group>"; };
		3110979B2AD41881000D85AD /* Announcement.swift */ = {isa = PBXFileReference; fileEncoding = 4; lastKnownFileType = sourcecode.swift; path = Announcement.swift; sourceTree = "<group>"; };
		3110979C2AD41881000D85AD /* Category.swift */ = {isa = PBXFileReference; fileEncoding = 4; lastKnownFileType = sourcecode.swift; path = Category.swift; sourceTree = "<group>"; };
		3110979D2AD41881000D85AD /* AppState.swift */ = {isa = PBXFileReference; fileEncoding = 4; lastKnownFileType = sourcecode.swift; path = AppState.swift; sourceTree = "<group>"; };
		3110979E2AD41881000D85AD /* GrewViewModel.swift */ = {isa = PBXFileReference; fileEncoding = 4; lastKnownFileType = sourcecode.swift; path = GrewViewModel.swift; sourceTree = "<group>"; };
		3110979F2AD41881000D85AD /* Grew.swift */ = {isa = PBXFileReference; fileEncoding = 4; lastKnownFileType = sourcecode.swift; path = Grew.swift; sourceTree = "<group>"; };
		311097A02AD41882000D85AD /* SettingStore.swift */ = {isa = PBXFileReference; fileEncoding = 4; lastKnownFileType = sourcecode.swift; path = SettingStore.swift; sourceTree = "<group>"; };
		311097A12AD41882000D85AD /* ImagePicker.swift */ = {isa = PBXFileReference; fileEncoding = 4; lastKnownFileType = sourcecode.swift; path = ImagePicker.swift; sourceTree = "<group>"; };
		311097A32AD41882000D85AD /* User.swift */ = {isa = PBXFileReference; fileEncoding = 4; lastKnownFileType = sourcecode.swift; path = User.swift; sourceTree = "<group>"; };
		311097AD2AD4188E000D85AD /* FirebaseManager.swift */ = {isa = PBXFileReference; fileEncoding = 4; lastKnownFileType = sourcecode.swift; path = FirebaseManager.swift; sourceTree = "<group>"; };
		311097AE2AD4188E000D85AD /* FirestoreService.swift */ = {isa = PBXFileReference; fileEncoding = 4; lastKnownFileType = sourcecode.swift; path = FirestoreService.swift; sourceTree = "<group>"; };
		311097AF2AD4188E000D85AD /* DateService.swift */ = {isa = PBXFileReference; fileEncoding = 4; lastKnownFileType = sourcecode.swift; path = DateService.swift; sourceTree = "<group>"; };
		311097B32AD41897000D85AD /* CircularProfileImageView.swift */ = {isa = PBXFileReference; fileEncoding = 4; lastKnownFileType = sourcecode.swift; path = CircularProfileImageView.swift; sourceTree = "<group>"; };
		311097B42AD41897000D85AD /* LoadingView.swift */ = {isa = PBXFileReference; fileEncoding = 4; lastKnownFileType = sourcecode.swift; path = LoadingView.swift; sourceTree = "<group>"; };
		311097B82AD418A6000D85AD /* Constants.swift */ = {isa = PBXFileReference; fileEncoding = 4; lastKnownFileType = sourcecode.swift; path = Constants.swift; sourceTree = "<group>"; };
		311097B92AD418A6000D85AD /* FirebaseEnums.swift */ = {isa = PBXFileReference; fileEncoding = 4; lastKnownFileType = sourcecode.swift; path = FirebaseEnums.swift; sourceTree = "<group>"; };
		311097BD2AD418B3000D85AD /* FireCodable.swift */ = {isa = PBXFileReference; fileEncoding = 4; lastKnownFileType = sourcecode.swift; path = FireCodable.swift; sourceTree = "<group>"; };
		311097BF2AD418C1000D85AD /* AnimationModifier.swift */ = {isa = PBXFileReference; fileEncoding = 4; lastKnownFileType = sourcecode.swift; path = AnimationModifier.swift; sourceTree = "<group>"; };
		311097C12AD418CF000D85AD /* Categories.json */ = {isa = PBXFileReference; fileEncoding = 4; lastKnownFileType = text.json; path = Categories.json; sourceTree = "<group>"; };
		311097C32AD41982000D85AD /* ChatUserContentListView.swift */ = {isa = PBXFileReference; lastKnownFileType = sourcecode.swift; path = ChatUserContentListView.swift; sourceTree = "<group>"; };
		312E98632ACCED3600E38626 /* Grew.app */ = {isa = PBXFileReference; explicitFileType = wrapper.application; includeInIndex = 0; path = Grew.app; sourceTree = BUILT_PRODUCTS_DIR; };
		312E98662ACCED3600E38626 /* GrewApp.swift */ = {isa = PBXFileReference; lastKnownFileType = sourcecode.swift; path = GrewApp.swift; sourceTree = "<group>"; };
		312E986A2ACCED3800E38626 /* Assets.xcassets */ = {isa = PBXFileReference; lastKnownFileType = folder.assetcatalog; path = Assets.xcassets; sourceTree = "<group>"; };
		312E986D2ACCED3800E38626 /* Preview Assets.xcassets */ = {isa = PBXFileReference; lastKnownFileType = folder.assetcatalog; path = "Preview Assets.xcassets"; sourceTree = "<group>"; };
		312E98992ACCF54A00E38626 /* .swiftlint.yml */ = {isa = PBXFileReference; lastKnownFileType = text.yaml; path = .swiftlint.yml; sourceTree = "<group>"; };
		312E98CD2ACD232800E38626 /* Info.plist */ = {isa = PBXFileReference; lastKnownFileType = text.plist.xml; path = Info.plist; sourceTree = "<group>"; };
		312E98D82ACD2EAA00E38626 /* Color+Extensions.swift */ = {isa = PBXFileReference; fileEncoding = 4; lastKnownFileType = sourcecode.swift; path = "Color+Extensions.swift"; sourceTree = "<group>"; };
		312E98D92ACD2EAA00E38626 /* Array+Extensions.swift */ = {isa = PBXFileReference; fileEncoding = 4; lastKnownFileType = sourcecode.swift; path = "Array+Extensions.swift"; sourceTree = "<group>"; };
		312E98DA2ACD2EAA00E38626 /* String+Extensions.swift */ = {isa = PBXFileReference; fileEncoding = 4; lastKnownFileType = sourcecode.swift; path = "String+Extensions.swift"; sourceTree = "<group>"; };
		312E98DB2ACD2EAA00E38626 /* UIImage+Extensions.swift */ = {isa = PBXFileReference; fileEncoding = 4; lastKnownFileType = sourcecode.swift; path = "UIImage+Extensions.swift"; sourceTree = "<group>"; };
		312E98DC2ACD2EAA00E38626 /* Image+Extensions.swift */ = {isa = PBXFileReference; fileEncoding = 4; lastKnownFileType = sourcecode.swift; path = "Image+Extensions.swift"; sourceTree = "<group>"; };
		312E98DD2ACD2EAA00E38626 /* Date+Extensions.swift */ = {isa = PBXFileReference; fileEncoding = 4; lastKnownFileType = sourcecode.swift; path = "Date+Extensions.swift"; sourceTree = "<group>"; };
		312E98DE2ACD2EAA00E38626 /* Encodable+Extensions.swift */ = {isa = PBXFileReference; fileEncoding = 4; lastKnownFileType = sourcecode.swift; path = "Encodable+Extensions.swift"; sourceTree = "<group>"; };
		312E98DF2ACD2EAA00E38626 /* UIImagePickerController.SourceType+Extensions.swift */ = {isa = PBXFileReference; fileEncoding = 4; lastKnownFileType = sourcecode.swift; path = "UIImagePickerController.SourceType+Extensions.swift"; sourceTree = "<group>"; };
		3137A27E2AD62ED1000E9ADF /* GrewListView.swift */ = {isa = PBXFileReference; fileEncoding = 4; lastKnownFileType = sourcecode.swift; path = GrewListView.swift; sourceTree = "<group>"; };
		3137A27F2AD62ED1000E9ADF /* GrewImageView.swift */ = {isa = PBXFileReference; fileEncoding = 4; lastKnownFileType = sourcecode.swift; path = GrewImageView.swift; sourceTree = "<group>"; };
		3137A2802AD62ED1000E9ADF /* GrewCellView.swift */ = {isa = PBXFileReference; fileEncoding = 4; lastKnownFileType = sourcecode.swift; path = GrewCellView.swift; sourceTree = "<group>"; };
		3137A2842AD62EEE000E9ADF /* MapView.swift */ = {isa = PBXFileReference; fileEncoding = 4; lastKnownFileType = sourcecode.swift; path = MapView.swift; sourceTree = "<group>"; };
		3A8FAAE42ACD4D00008C8CA3 /* Font+Extensions.swift */ = {isa = PBXFileReference; lastKnownFileType = sourcecode.swift; path = "Font+Extensions.swift"; sourceTree = "<group>"; };
		3AF1D4902AD3F9FD00ECE1A8 /* SCDream5.otf */ = {isa = PBXFileReference; lastKnownFileType = file; path = SCDream5.otf; sourceTree = "<group>"; };
		3AF1D4922AD3F9FE00ECE1A8 /* SCDream3.otf */ = {isa = PBXFileReference; lastKnownFileType = file; path = SCDream3.otf; sourceTree = "<group>"; };
		3AF1D4972AD3F9FE00ECE1A8 /* SCDream7.otf */ = {isa = PBXFileReference; lastKnownFileType = file; path = SCDream7.otf; sourceTree = "<group>"; };
		3AF1D4A52AD4D5C000ECE1A8 /* MainMapView.swift */ = {isa = PBXFileReference; lastKnownFileType = sourcecode.swift; path = MainMapView.swift; sourceTree = "<group>"; };
		3AF1D4A82AD4D60700ECE1A8 /* MainMapOverTopView.swift */ = {isa = PBXFileReference; lastKnownFileType = sourcecode.swift; path = MainMapOverTopView.swift; sourceTree = "<group>"; };
		3AF1D4AA2AD4D62C00ECE1A8 /* MainMapOverSheetView.swift */ = {isa = PBXFileReference; lastKnownFileType = sourcecode.swift; path = MainMapOverSheetView.swift; sourceTree = "<group>"; };
		3AF1D4AC2AD4D65900ECE1A8 /* NaverMapView.swift */ = {isa = PBXFileReference; lastKnownFileType = sourcecode.swift; path = NaverMapView.swift; sourceTree = "<group>"; };
		3AF1D4AE2AD4D75A00ECE1A8 /* MapListItemView.swift */ = {isa = PBXFileReference; lastKnownFileType = sourcecode.swift; path = MapListItemView.swift; sourceTree = "<group>"; };
		5A7D7ADE29123FE30746CD7D /* Pods-Grew.release.xcconfig */ = {isa = PBXFileReference; includeInIndex = 1; lastKnownFileType = text.xcconfig; name = "Pods-Grew.release.xcconfig"; path = "Target Support Files/Pods-Grew/Pods-Grew.release.xcconfig"; sourceTree = "<group>"; };
		64877CB12AD5145100192DB4 /* AuthAgreeView.swift */ = {isa = PBXFileReference; lastKnownFileType = sourcecode.swift; path = AuthAgreeView.swift; sourceTree = "<group>"; };
		64877CB32AD51A7100192DB4 /* AuthAgreeCheckView.swift */ = {isa = PBXFileReference; lastKnownFileType = sourcecode.swift; path = AuthAgreeCheckView.swift; sourceTree = "<group>"; };
		64877CB52AD5B2BD00192DB4 /* AuthProgressBar.swift */ = {isa = PBXFileReference; lastKnownFileType = sourcecode.swift; path = AuthProgressBar.swift; sourceTree = "<group>"; };
		64877CB72AD5BF8E00192DB4 /* AuthRegisterEmailView.swift */ = {isa = PBXFileReference; lastKnownFileType = sourcecode.swift; path = AuthRegisterEmailView.swift; sourceTree = "<group>"; };
		64AB27D52AD6683E004DE65F /* LaunchVM.swift */ = {isa = PBXFileReference; lastKnownFileType = sourcecode.swift; path = LaunchVM.swift; sourceTree = "<group>"; };
		64AB27D92AD6753A004DE65F /* RegisterVM.swift */ = {isa = PBXFileReference; lastKnownFileType = sourcecode.swift; path = RegisterVM.swift; sourceTree = "<group>"; };
		89D1665606D5C84E091AB4CB /* Pods_Grew.framework */ = {isa = PBXFileReference; explicitFileType = wrapper.framework; includeInIndex = 0; path = Pods_Grew.framework; sourceTree = BUILT_PRODUCTS_DIR; };
		991E7B912AD7D1BA002ECEE3 /* TabBarAccessor.swift */ = {isa = PBXFileReference; lastKnownFileType = sourcecode.swift; path = TabBarAccessor.swift; sourceTree = "<group>"; };
		99266D862AD710D400FB6AC1 /* GrewButtonModifier.swift */ = {isa = PBXFileReference; fileEncoding = 4; lastKnownFileType = sourcecode.swift; path = GrewButtonModifier.swift; sourceTree = "<group>"; };
		993274122AD531F40082FCEC /* GrewScheduleCell.swift */ = {isa = PBXFileReference; lastKnownFileType = sourcecode.swift; path = GrewScheduleCell.swift; sourceTree = "<group>"; };
		993274142AD5325B0082FCEC /* GrewScheduleListView.swift */ = {isa = PBXFileReference; lastKnownFileType = sourcecode.swift; path = GrewScheduleListView.swift; sourceTree = "<group>"; };
		993274162AD5360E0082FCEC /* GrewScheduleImage.swift */ = {isa = PBXFileReference; lastKnownFileType = sourcecode.swift; path = GrewScheduleImage.swift; sourceTree = "<group>"; };
		9950952F2ADCBA77003A822E /* GroupSubCategoryView.swift */ = {isa = PBXFileReference; lastKnownFileType = sourcecode.swift; path = GroupSubCategoryView.swift; sourceTree = "<group>"; };
		995095312ADCD6D3003A822E /* GroupMainCategoryView.swift */ = {isa = PBXFileReference; lastKnownFileType = sourcecode.swift; path = GroupMainCategoryView.swift; sourceTree = "<group>"; };
		99D2C6412ACD4332001FEC20 /* MainTabView.swift */ = {isa = PBXFileReference; lastKnownFileType = sourcecode.swift; path = MainTabView.swift; sourceTree = "<group>"; };
		99D2C6432ACD4913001FEC20 /* HomeView.swift */ = {isa = PBXFileReference; lastKnownFileType = sourcecode.swift; path = HomeView.swift; sourceTree = "<group>"; };
		99EED12D2ADC3034000E7F0C /* GoogleService-Info.plist */ = {isa = PBXFileReference; fileEncoding = 4; lastKnownFileType = text.plist.xml; path = "GoogleService-Info.plist"; sourceTree = "<group>"; };
		CE467AD62AD5061C00143213 /* GrewSearchView.swift */ = {isa = PBXFileReference; lastKnownFileType = sourcecode.swift; path = GrewSearchView.swift; sourceTree = "<group>"; };
		CE467AD82AD506B100143213 /* GoogleService-Info.plist */ = {isa = PBXFileReference; fileEncoding = 4; lastKnownFileType = text.plist.xml; path = "GoogleService-Info.plist"; sourceTree = "<group>"; };
		CE467ADA2AD530CA00143213 /* View+Extensions.swift */ = {isa = PBXFileReference; lastKnownFileType = sourcecode.swift; path = "View+Extensions.swift"; sourceTree = "<group>"; };
		CE467ADC2AD5316500143213 /* GrewAlertModifier.swift */ = {isa = PBXFileReference; lastKnownFileType = sourcecode.swift; path = GrewAlertModifier.swift; sourceTree = "<group>"; };
		CEB6CBB82AD682DE00515EEA /* GrewTextField.swift */ = {isa = PBXFileReference; lastKnownFileType = sourcecode.swift; path = GrewTextField.swift; sourceTree = "<group>"; };
/* End PBXFileReference section */

/* Begin PBXFrameworksBuildPhase section */
		312E98602ACCED3600E38626 /* Frameworks */ = {
			isa = PBXFrameworksBuildPhase;
			buildActionMask = 2147483647;
			files = (
				312E98932ACCF35100E38626 /* FirebaseMessaging in Frameworks */,
				312E987F2ACCF35100E38626 /* FirebaseDatabaseSwift in Frameworks */,
				312E988F2ACCF35100E38626 /* FirebaseInstallations in Frameworks */,
				312E98CA2ACD20FF00E38626 /* GoogleSignInSwift in Frameworks */,
				312E98B62ACCF80300E38626 /* KakaoSDKFriendCore in Frameworks */,
				99266D832AD635BA00FB6AC1 /* ConfettiSwiftUI in Frameworks */,
				312E98832ACCF35100E38626 /* FirebaseFirestoreCombine-Community in Frameworks */,
				312E987D2ACCF35100E38626 /* FirebaseDatabase in Frameworks */,
				312E98762ACCF23F00E38626 /* Kingfisher in Frameworks */,
				312E98792ACCF35100E38626 /* FirebaseAuth in Frameworks */,
				F2E20584B15966D0028FE8B5 /* Pods_Grew.framework in Frameworks */,
				312E987B2ACCF35100E38626 /* FirebaseAuthCombine-Community in Frameworks */,
				312E98C22ACCF80300E38626 /* KakaoSDKUser in Frameworks */,
				312E98872ACCF35100E38626 /* FirebaseFunctions in Frameworks */,
				312E98AA2ACCF80300E38626 /* KakaoSDK in Frameworks */,
				312E98AC2ACCF80300E38626 /* KakaoSDKAuth in Frameworks */,
				312E98812ACCF35100E38626 /* FirebaseFirestore in Frameworks */,
				312E98952ACCF35100E38626 /* FirebaseStorage in Frameworks */,
				312E98B22ACCF80300E38626 /* KakaoSDKCommon in Frameworks */,
				312E98C82ACD20FF00E38626 /* GoogleSignIn in Frameworks */,
				312E98A32ACCF7E000E38626 /* FacebookLogin in Frameworks */,
				312E98A12ACCF7E000E38626 /* FacebookCore in Frameworks */,
				312E98852ACCF35100E38626 /* FirebaseFirestoreSwift in Frameworks */,
				312E989F2ACCF7E000E38626 /* FacebookBasics in Frameworks */,
				312E98972ACCF35100E38626 /* FirebaseStorageCombine-Community in Frameworks */,
			);
			runOnlyForDeploymentPostprocessing = 0;
		};
/* End PBXFrameworksBuildPhase section */

/* Begin PBXGroup section */
		2157095D2AD530CE006ABE35 /* MyProfile */ = {
			isa = PBXGroup;
			children = (
				2157095E2AD530F8006ABE35 /* ProfileHeaderView.swift */,
				21C1F1B22ACFEEC10029E436 /* MyGroupView.swift */,
				21C1F1B52ACFEEDD0029E436 /* MyGroupScheduleView.swift */,
				215709602AD53484006ABE35 /* MyProfileEdit */,
			);
			path = MyProfile;
			sourceTree = "<group>";
		};
		215709602AD53484006ABE35 /* MyProfileEdit */ = {
			isa = PBXGroup;
			children = (
				21C1F1B02ACFEEAB0029E436 /* EditProfileView.swift */,
				215709692AD68960006ABE35 /* ImageEditModalView.swift */,
				311097A12AD41882000D85AD /* ImagePicker.swift */,
				2157096B2AD69246006ABE35 /* CameraView.swift */,
			);
			path = MyProfileEdit;
			sourceTree = "<group>";
		};
		215709612AD534AC006ABE35 /* MyProfileSetting */ = {
			isa = PBXGroup;
			children = (
				21C1F1B72ACFEEEC0029E436 /* SettingView.swift */,
			);
			path = MyProfileSetting;
			sourceTree = "<group>";
		};
		311097372AD41797000D85AD /* Store */ = {
			isa = PBXGroup;
			children = (
				311097392AD417A1000D85AD /* AuthStore.swift */,
				64AB27D92AD6753A004DE65F /* RegisterVM.swift */,
				64AB27D52AD6683E004DE65F /* LaunchVM.swift */,
				311097382AD417A1000D85AD /* UserStore.swift */,
			);
			path = Store;
			sourceTree = "<group>";
		};
		3110973C2AD417A5000D85AD /* View */ = {
			isa = PBXGroup;
			children = (
				311097412AD417AD000D85AD /* AuthAddDetailInfoView.swift */,
				311097422AD417AD000D85AD /* AuthAddMainInfoView.swift */,
				64877CB12AD5145100192DB4 /* AuthAgreeView.swift */,
				64877CB32AD51A7100192DB4 /* AuthAgreeCheckView.swift */,
				3110973E2AD417AD000D85AD /* AuthCompleteView.swift */,
				64877CB52AD5B2BD00192DB4 /* AuthProgressBar.swift */,
				64877CB72AD5BF8E00192DB4 /* AuthRegisterEmailView.swift */,
				3110973F2AD417AD000D85AD /* AuthSignEmailView.swift */,
				311097402AD417AD000D85AD /* AuthStartView.swift */,
			);
			path = View;
			sourceTree = "<group>";
		};
		311097492AD417B4000D85AD /* Model */ = {
			isa = PBXGroup;
			children = (
				3110975D2AD417FD000D85AD /* Bubble.swift */,
				3110975E2AD417FD000D85AD /* ChatMessage.swift */,
				3110975C2AD417FD000D85AD /* ChatRoom.swift */,
				3110975B2AD417FD000D85AD /* ChatSegment.swift */,
			);
			path = Model;
			sourceTree = "<group>";
		};
		3110974A2AD417B9000D85AD /* View */ = {
			isa = PBXGroup;
			children = (
				311097502AD417E3000D85AD /* ChatDetailView.swift */,
				311097512AD417E3000D85AD /* ChatListView.swift */,
				311097C32AD41982000D85AD /* ChatUserContentListView.swift */,
				3110974C2AD417D1000D85AD /* SubViews */,
			);
			path = View;
			sourceTree = "<group>";
		};
		3110974B2AD417BD000D85AD /* ViewModel */ = {
			isa = PBXGroup;
			children = (
				3110974D2AD417DB000D85AD /* ChatStore.swift */,
			);
			path = ViewModel;
			sourceTree = "<group>";
		};
		3110974C2AD417D1000D85AD /* SubViews */ = {
			isa = PBXGroup;
			children = (
				311097562AD417ED000D85AD /* ChatRoomCell.swift */,
				311097572AD417ED000D85AD /* ChatSideMenuView.swift */,
				311097552AD417ED000D85AD /* MessageBubbles.swift */,
			);
			path = SubViews;
			sourceTree = "<group>";
		};
		311097B72AD4189C000D85AD /* Enums */ = {
			isa = PBXGroup;
			children = (
				311097B82AD418A6000D85AD /* Constants.swift */,
				311097B92AD418A6000D85AD /* FirebaseEnums.swift */,
			);
			path = Enums;
			sourceTree = "<group>";
		};
		311097BC2AD418A9000D85AD /* Protocols */ = {
			isa = PBXGroup;
			children = (
				311097BD2AD418B3000D85AD /* FireCodable.swift */,
			);
			path = Protocols;
			sourceTree = "<group>";
		};
		312E985A2ACCED3600E38626 = {
			isa = PBXGroup;
			children = (
				312E98992ACCF54A00E38626 /* .swiftlint.yml */,
				99EED12D2ADC3034000E7F0C /* GoogleService-Info.plist */,
				312E98652ACCED3600E38626 /* Grew */,
				312E98642ACCED3600E38626 /* Products */,
				61CFCD3C7F3028095662F46E /* Pods */,
				A38141B78C32AAF7DF33A628 /* Frameworks */,
				3137A27D2AD62EB8000E9ADF /* Recovered References */,
			);
			sourceTree = "<group>";
		};
		312E98642ACCED3600E38626 /* Products */ = {
			isa = PBXGroup;
			children = (
				312E98632ACCED3600E38626 /* Grew.app */,
			);
			name = Products;
			sourceTree = "<group>";
		};
		312E98652ACCED3600E38626 /* Grew */ = {
			isa = PBXGroup;
			children = (
				312E98CE2ACD26B100E38626 /* App */,
				312E98D02ACD26BC00E38626 /* Extensions */,
				312E98D42ACD271F00E38626 /* Features */,
				312E98D52ACD272B00E38626 /* Service */,
				312E98D32ACD26F400E38626 /* Model */,
				312E98D12ACD26CF00E38626 /* Utils */,
				312E98D62ACD2A7C00E38626 /* ViewModifier */,
				312E986A2ACCED3800E38626 /* Assets.xcassets */,
				312E986C2ACCED3800E38626 /* Preview Content */,
				312E98CD2ACD232800E38626 /* Info.plist */,
				311097C12AD418CF000D85AD /* Categories.json */,
			);
			path = Grew;
			sourceTree = "<group>";
		};
		312E986C2ACCED3800E38626 /* Preview Content */ = {
			isa = PBXGroup;
			children = (
				312E986D2ACCED3800E38626 /* Preview Assets.xcassets */,
			);
			path = "Preview Content";
			sourceTree = "<group>";
		};
		312E98CE2ACD26B100E38626 /* App */ = {
			isa = PBXGroup;
			children = (
				312E98662ACCED3600E38626 /* GrewApp.swift */,
				311097312AD41722000D85AD /* LaunchView.swift */,
				99D2C6412ACD4332001FEC20 /* MainTabView.swift */,
				991E7B912AD7D1BA002ECEE3 /* TabBarAccessor.swift */,
			);
			path = App;
			sourceTree = "<group>";
		};
		312E98D02ACD26BC00E38626 /* Extensions */ = {
			isa = PBXGroup;
			children = (
				312E98D92ACD2EAA00E38626 /* Array+Extensions.swift */,
				312E98D82ACD2EAA00E38626 /* Color+Extensions.swift */,
				312E98DD2ACD2EAA00E38626 /* Date+Extensions.swift */,
				312E98DE2ACD2EAA00E38626 /* Encodable+Extensions.swift */,
				312E98DC2ACD2EAA00E38626 /* Image+Extensions.swift */,
				312E98DA2ACD2EAA00E38626 /* String+Extensions.swift */,
				312E98DB2ACD2EAA00E38626 /* UIImage+Extensions.swift */,
				312E98DF2ACD2EAA00E38626 /* UIImagePickerController.SourceType+Extensions.swift */,
				3A8FAAE42ACD4D00008C8CA3 /* Font+Extensions.swift */,
				CE467ADA2AD530CA00143213 /* View+Extensions.swift */,
			);
			path = Extensions;
			sourceTree = "<group>";
		};
		312E98D12ACD26CF00E38626 /* Utils */ = {
			isa = PBXGroup;
			children = (
				3AF1D4A42AD41F3A00ECE1A8 /* Font */,
				311097BC2AD418A9000D85AD /* Protocols */,
				311097B72AD4189C000D85AD /* Enums */,
				311097B32AD41897000D85AD /* CircularProfileImageView.swift */,
				311097B42AD41897000D85AD /* LoadingView.swift */,
			);
			path = Utils;
			sourceTree = "<group>";
		};
		312E98D32ACD26F400E38626 /* Model */ = {
			isa = PBXGroup;
			children = (
				3110979B2AD41881000D85AD /* Announcement.swift */,
				3110979D2AD41881000D85AD /* AppState.swift */,
				3110979C2AD41881000D85AD /* Category.swift */,
				3110979F2AD41881000D85AD /* Grew.swift */,
				3110979E2AD41881000D85AD /* GrewViewModel.swift */,
				311097A02AD41882000D85AD /* SettingStore.swift */,
				311097A32AD41882000D85AD /* User.swift */,
				215709652AD67625006ABE35 /* UserViewModel.swift */,
			);
			path = Model;
			sourceTree = "<group>";
		};
		312E98D42ACD271F00E38626 /* Features */ = {
			isa = PBXGroup;
			children = (
				312E98D72ACD2B0800E38626 /* Auth */,
				312E98E92ACD30A300E38626 /* Chat */,
				312E98EA2ACD30A600E38626 /* Grew */,
				312E98EB2ACD30A800E38626 /* Home */,
				312E98E82ACD309D00E38626 /* Maps */,
				312E98EC2ACD30AB00E38626 /* Profile */,
				312E98ED2ACD30AF00E38626 /* Search */,
			);
			path = Features;
			sourceTree = "<group>";
		};
		312E98D52ACD272B00E38626 /* Service */ = {
			isa = PBXGroup;
			children = (
				311097AF2AD4188E000D85AD /* DateService.swift */,
				311097AD2AD4188E000D85AD /* FirebaseManager.swift */,
				311097AE2AD4188E000D85AD /* FirestoreService.swift */,
			);
			path = Service;
			sourceTree = "<group>";
		};
		312E98D62ACD2A7C00E38626 /* ViewModifier */ = {
			isa = PBXGroup;
			children = (
				311097BF2AD418C1000D85AD /* AnimationModifier.swift */,
				CE467ADC2AD5316500143213 /* GrewAlertModifier.swift */,
				99266D862AD710D400FB6AC1 /* GrewButtonModifier.swift */,
			);
			path = ViewModifier;
			sourceTree = "<group>";
		};
		312E98D72ACD2B0800E38626 /* Auth */ = {
			isa = PBXGroup;
			children = (
				3110973C2AD417A5000D85AD /* View */,
				311097372AD41797000D85AD /* Store */,
			);
			path = Auth;
			sourceTree = "<group>";
		};
		312E98E82ACD309D00E38626 /* Maps */ = {
			isa = PBXGroup;
			children = (
				3137A2842AD62EEE000E9ADF /* MapView.swift */,
				3AF1D4A72AD4D5F200ECE1A8 /* Views */,
			);
			path = Maps;
			sourceTree = "<group>";
		};
		312E98E92ACD30A300E38626 /* Chat */ = {
			isa = PBXGroup;
			children = (
				3110974B2AD417BD000D85AD /* ViewModel */,
				3110974A2AD417B9000D85AD /* View */,
				311097492AD417B4000D85AD /* Model */,
			);
			path = Chat;
			sourceTree = "<group>";
		};
		312E98EA2ACD30A600E38626 /* Grew */ = {
			isa = PBXGroup;
			children = (
				995095332ADCFBFA003A822E /* GrewCategoryView */,
				311097632AD4180E000D85AD /* GrewProgressViewStyle.swift */,
				311097672AD4180E000D85AD /* GroupAlertView.swift */,
				311097682AD4180E000D85AD /* GroupCheckFeeView.swift */,
				311097662AD4180E000D85AD /* GroupMembersEditView.swift */,
				3110976B2AD4180F000D85AD /* GroupNameView.swift */,
				311097652AD4180E000D85AD /* NewGroupView.swift */,
			);
			path = Grew;
			sourceTree = "<group>";
		};
		312E98EB2ACD30A800E38626 /* Home */ = {
			isa = PBXGroup;
			children = (
				993274102AD5307C0082FCEC /* CategoryView */,
				993274112AD531C70082FCEC /* GrewScheduleView */,
				9932740F2AD530120082FCEC /* GrewListView */,
				3110977E2AD41816000D85AD /* HomeBannerView.swift */,
				99D2C6432ACD4913001FEC20 /* HomeView.swift */,
				311097782AD41815000D85AD /* TempHomeCategory.swift */,
			);
			path = Home;
			sourceTree = "<group>";
		};
		312E98EC2ACD30AB00E38626 /* Profile */ = {
			isa = PBXGroup;
			children = (
				21C1F1AA2ACFEE670029E436 /* ProfileView.swift */,
				21C1F1AC2ACFEE810029E436 /* UserContentListView.swift */,
				21C1F1AE2ACFEE980029E436 /* RoundSpecificCorners.swift */,
				2157095D2AD530CE006ABE35 /* MyProfile */,
				215709612AD534AC006ABE35 /* MyProfileSetting */,
			);
			path = Profile;
			sourceTree = "<group>";
		};
		312E98ED2ACD30AF00E38626 /* Search */ = {
			isa = PBXGroup;
			children = (
				CE467AD62AD5061C00143213 /* GrewSearchView.swift */,
				CEB6CBB82AD682DE00515EEA /* GrewTextField.swift */,
			);
			path = Search;
			sourceTree = "<group>";
		};
		3137A27D2AD62EB8000E9ADF /* Recovered References */ = {
			isa = PBXGroup;
			children = (
				CE467AD82AD506B100143213 /* GoogleService-Info.plist */,
			);
			name = "Recovered References";
			sourceTree = "<group>";
		};
		3AF1D4A42AD41F3A00ECE1A8 /* Font */ = {
			isa = PBXGroup;
			children = (
				3AF1D4922AD3F9FE00ECE1A8 /* SCDream3.otf */,
				3AF1D4902AD3F9FD00ECE1A8 /* SCDream5.otf */,
				3AF1D4972AD3F9FE00ECE1A8 /* SCDream7.otf */,
			);
			path = Font;
			sourceTree = "<group>";
		};
		3AF1D4A72AD4D5F200ECE1A8 /* Views */ = {
			isa = PBXGroup;
			children = (
				3AF1D4A52AD4D5C000ECE1A8 /* MainMapView.swift */,
				3AF1D4A82AD4D60700ECE1A8 /* MainMapOverTopView.swift */,
				3AF1D4AA2AD4D62C00ECE1A8 /* MainMapOverSheetView.swift */,
				3AF1D4AC2AD4D65900ECE1A8 /* NaverMapView.swift */,
				3AF1D4AE2AD4D75A00ECE1A8 /* MapListItemView.swift */,
			);
			path = Views;
			sourceTree = "<group>";
		};
		61CFCD3C7F3028095662F46E /* Pods */ = {
			isa = PBXGroup;
			children = (
				1EEADA76F4AB5F4F868CFB93 /* Pods-Grew.debug.xcconfig */,
				5A7D7ADE29123FE30746CD7D /* Pods-Grew.release.xcconfig */,
			);
			path = Pods;
			sourceTree = "<group>";
		};
		9932740F2AD530120082FCEC /* GrewListView */ = {
			isa = PBXGroup;
			children = (
				3137A2802AD62ED1000E9ADF /* GrewCellView.swift */,
				3137A27F2AD62ED1000E9ADF /* GrewImageView.swift */,
				3137A27E2AD62ED1000E9ADF /* GrewListView.swift */,
			);
			path = GrewListView;
			sourceTree = "<group>";
		};
		993274102AD5307C0082FCEC /* CategoryView */ = {
			isa = PBXGroup;
			children = (
				3110977D2AD41815000D85AD /* CategoryButtonView.swift */,
				3110977A2AD41815000D85AD /* CategoryDetailView.swift */,
			);
			path = CategoryView;
			sourceTree = "<group>";
		};
		993274112AD531C70082FCEC /* GrewScheduleView */ = {
			isa = PBXGroup;
			children = (
				993274122AD531F40082FCEC /* GrewScheduleCell.swift */,
				993274162AD5360E0082FCEC /* GrewScheduleImage.swift */,
				993274142AD5325B0082FCEC /* GrewScheduleListView.swift */,
			);
			path = GrewScheduleView;
			sourceTree = "<group>";
		};
		995095332ADCFBFA003A822E /* GrewCategoryView */ = {
			isa = PBXGroup;
			children = (
				995095312ADCD6D3003A822E /* GroupMainCategoryView.swift */,
				311097642AD4180E000D85AD /* GroupCategoryView.swift */,
				9950952F2ADCBA77003A822E /* GroupSubCategoryView.swift */,
			);
			path = GrewCategoryView;
			sourceTree = "<group>";
		};
		A38141B78C32AAF7DF33A628 /* Frameworks */ = {
			isa = PBXGroup;
			children = (
				89D1665606D5C84E091AB4CB /* Pods_Grew.framework */,
			);
			name = Frameworks;
			sourceTree = "<group>";
		};
/* End PBXGroup section */

/* Begin PBXNativeTarget section */
		312E98622ACCED3600E38626 /* Grew */ = {
			isa = PBXNativeTarget;
			buildConfigurationList = 312E98712ACCED3800E38626 /* Build configuration list for PBXNativeTarget "Grew" */;
			buildPhases = (
				C1628E47DEA4B3F5DF5276BD /* [CP] Check Pods Manifest.lock */,
				312E985F2ACCED3600E38626 /* Sources */,
				312E98602ACCED3600E38626 /* Frameworks */,
				312E98612ACCED3600E38626 /* Resources */,
				C6A02EF1A1C924821956EB79 /* [CP] Embed Pods Frameworks */,
				312E98982ACCF47F00E38626 /* Run Script */,
			);
			buildRules = (
			);
			dependencies = (
			);
			name = Grew;
			packageProductDependencies = (
				312E98752ACCF23F00E38626 /* Kingfisher */,
				312E98782ACCF35100E38626 /* FirebaseAuth */,
				312E987A2ACCF35100E38626 /* FirebaseAuthCombine-Community */,
				312E987C2ACCF35100E38626 /* FirebaseDatabase */,
				312E987E2ACCF35100E38626 /* FirebaseDatabaseSwift */,
				312E98802ACCF35100E38626 /* FirebaseFirestore */,
				312E98822ACCF35100E38626 /* FirebaseFirestoreCombine-Community */,
				312E98842ACCF35100E38626 /* FirebaseFirestoreSwift */,
				312E98862ACCF35100E38626 /* FirebaseFunctions */,
				312E988E2ACCF35100E38626 /* FirebaseInstallations */,
				312E98922ACCF35100E38626 /* FirebaseMessaging */,
				312E98942ACCF35100E38626 /* FirebaseStorage */,
				312E98962ACCF35100E38626 /* FirebaseStorageCombine-Community */,
				312E989E2ACCF7E000E38626 /* FacebookBasics */,
				312E98A02ACCF7E000E38626 /* FacebookCore */,
				312E98A22ACCF7E000E38626 /* FacebookLogin */,
				312E98A92ACCF80300E38626 /* KakaoSDK */,
				312E98AB2ACCF80300E38626 /* KakaoSDKAuth */,
				312E98B12ACCF80300E38626 /* KakaoSDKCommon */,
				312E98B52ACCF80300E38626 /* KakaoSDKFriendCore */,
				312E98C12ACCF80300E38626 /* KakaoSDKUser */,
				312E98C72ACD20FF00E38626 /* GoogleSignIn */,
				312E98C92ACD20FF00E38626 /* GoogleSignInSwift */,
				99266D822AD635BA00FB6AC1 /* ConfettiSwiftUI */,
			);
			productName = Grew;
			productReference = 312E98632ACCED3600E38626 /* Grew.app */;
			productType = "com.apple.product-type.application";
		};
/* End PBXNativeTarget section */

/* Begin PBXProject section */
		312E985B2ACCED3600E38626 /* Project object */ = {
			isa = PBXProject;
			attributes = {
				BuildIndependentTargetsInParallel = 1;
				LastSwiftUpdateCheck = 1500;
				LastUpgradeCheck = 1500;
				TargetAttributes = {
					312E98622ACCED3600E38626 = {
						CreatedOnToolsVersion = 15.0;
					};
				};
			};
			buildConfigurationList = 312E985E2ACCED3600E38626 /* Build configuration list for PBXProject "Grew" */;
			compatibilityVersion = "Xcode 14.0";
			developmentRegion = en;
			hasScannedForEncodings = 0;
			knownRegions = (
				en,
				Base,
			);
			mainGroup = 312E985A2ACCED3600E38626;
			packageReferences = (
				312E98742ACCF23F00E38626 /* XCRemoteSwiftPackageReference "Kingfisher" */,
				312E98772ACCF35100E38626 /* XCRemoteSwiftPackageReference "firebase-ios-sdk" */,
				312E989B2ACCF7E000E38626 /* XCRemoteSwiftPackageReference "facebook-ios-sdk" */,
				312E98A82ACCF80300E38626 /* XCRemoteSwiftPackageReference "kakao-ios-sdk" */,
				312E98C62ACD20FF00E38626 /* XCRemoteSwiftPackageReference "GoogleSignIn-iOS" */,
				99266D812AD635B900FB6AC1 /* XCRemoteSwiftPackageReference "ConfettiSwiftUI" */,
			);
			productRefGroup = 312E98642ACCED3600E38626 /* Products */;
			projectDirPath = "";
			projectRoot = "";
			targets = (
				312E98622ACCED3600E38626 /* Grew */,
			);
		};
/* End PBXProject section */

/* Begin PBXResourcesBuildPhase section */
		312E98612ACCED3600E38626 /* Resources */ = {
			isa = PBXResourcesBuildPhase;
			buildActionMask = 2147483647;
			files = (
				3AF1D49C2AD3F9FE00ECE1A8 /* SCDream3.otf in Resources */,
				99EED12E2ADC3034000E7F0C /* GoogleService-Info.plist in Resources */,
				3AF1D49A2AD3F9FE00ECE1A8 /* SCDream5.otf in Resources */,
				312E989A2ACCF54A00E38626 /* .swiftlint.yml in Resources */,
				311097C22AD418CF000D85AD /* Categories.json in Resources */,
				312E986E2ACCED3800E38626 /* Preview Assets.xcassets in Resources */,
				3AF1D4A12AD3F9FE00ECE1A8 /* SCDream7.otf in Resources */,
				312E986B2ACCED3800E38626 /* Assets.xcassets in Resources */,
			);
			runOnlyForDeploymentPostprocessing = 0;
		};
/* End PBXResourcesBuildPhase section */

/* Begin PBXShellScriptBuildPhase section */
		312E98982ACCF47F00E38626 /* Run Script */ = {
			isa = PBXShellScriptBuildPhase;
			buildActionMask = 2147483647;
			files = (
			);
			inputFileListPaths = (
			);
			inputPaths = (
			);
			name = "Run Script";
			outputFileListPaths = (
			);
			outputPaths = (
			);
			runOnlyForDeploymentPostprocessing = 0;
			shellPath = /bin/sh;
			shellScript = "# Type a script or drag a script file from your workspace to insert its path.\nif [[ \"$(uname -m)\" == arm64 ]]; then\n    export PATH=\"/opt/homebrew/bin:$PATH\"\nfi\n\nif which swiftlint > /dev/null; then\n  swiftlint\nelse\n  echo \"warning: SwiftLint not installed, download from https://github.com/realm/SwiftLint\"\nfi\n";
		};
		C1628E47DEA4B3F5DF5276BD /* [CP] Check Pods Manifest.lock */ = {
			isa = PBXShellScriptBuildPhase;
			buildActionMask = 2147483647;
			files = (
			);
			inputFileListPaths = (
			);
			inputPaths = (
				"${PODS_PODFILE_DIR_PATH}/Podfile.lock",
				"${PODS_ROOT}/Manifest.lock",
			);
			name = "[CP] Check Pods Manifest.lock";
			outputFileListPaths = (
			);
			outputPaths = (
				"$(DERIVED_FILE_DIR)/Pods-Grew-checkManifestLockResult.txt",
			);
			runOnlyForDeploymentPostprocessing = 0;
			shellPath = /bin/sh;
			shellScript = "diff \"${PODS_PODFILE_DIR_PATH}/Podfile.lock\" \"${PODS_ROOT}/Manifest.lock\" > /dev/null\nif [ $? != 0 ] ; then\n    # print error to STDERR\n    echo \"error: The sandbox is not in sync with the Podfile.lock. Run 'pod install' or update your CocoaPods installation.\" >&2\n    exit 1\nfi\n# This output is used by Xcode 'outputs' to avoid re-running this script phase.\necho \"SUCCESS\" > \"${SCRIPT_OUTPUT_FILE_0}\"\n";
			showEnvVarsInLog = 0;
		};
		C6A02EF1A1C924821956EB79 /* [CP] Embed Pods Frameworks */ = {
			isa = PBXShellScriptBuildPhase;
			buildActionMask = 2147483647;
			files = (
			);
			inputFileListPaths = (
				"${PODS_ROOT}/Target Support Files/Pods-Grew/Pods-Grew-frameworks-${CONFIGURATION}-input-files.xcfilelist",
			);
			name = "[CP] Embed Pods Frameworks";
			outputFileListPaths = (
				"${PODS_ROOT}/Target Support Files/Pods-Grew/Pods-Grew-frameworks-${CONFIGURATION}-output-files.xcfilelist",
			);
			runOnlyForDeploymentPostprocessing = 0;
			shellPath = /bin/sh;
			shellScript = "\"${PODS_ROOT}/Target Support Files/Pods-Grew/Pods-Grew-frameworks.sh\"\n";
			showEnvVarsInLog = 0;
		};
/* End PBXShellScriptBuildPhase section */

/* Begin PBXSourcesBuildPhase section */
		312E985F2ACCED3600E38626 /* Sources */ = {
			isa = PBXSourcesBuildPhase;
			buildActionMask = 2147483647;
			files = (
				3110976D2AD4180F000D85AD /* GrewProgressViewStyle.swift in Sources */,
				21C1F1B12ACFEEAB0029E436 /* EditProfileView.swift in Sources */,
				311097322AD41722000D85AD /* LaunchView.swift in Sources */,
				64AB27DA2AD6753B004DE65F /* RegisterVM.swift in Sources */,
				99D2C6422ACD4332001FEC20 /* MainTabView.swift in Sources */,
				312E98E22ACD2EAA00E38626 /* String+Extensions.swift in Sources */,
				311097542AD417E3000D85AD /* ChatListView.swift in Sources */,
				64877CB42AD51A7100192DB4 /* AuthAgreeCheckView.swift in Sources */,
				3110974E2AD417DB000D85AD /* ChatStore.swift in Sources */,
				995095302ADCBA77003A822E /* GroupSubCategoryView.swift in Sources */,
				3137A2812AD62ED1000E9ADF /* GrewListView.swift in Sources */,
				21C1F1B82ACFEEEC0029E436 /* SettingView.swift in Sources */,
				215709662AD67625006ABE35 /* UserViewModel.swift in Sources */,
				3137A2832AD62ED1000E9ADF /* GrewCellView.swift in Sources */,
				311097532AD417E3000D85AD /* ChatDetailView.swift in Sources */,
				311097A62AD41882000D85AD /* AppState.swift in Sources */,
				311097722AD4180F000D85AD /* GroupCheckFeeView.swift in Sources */,
				21C1F1B32ACFEEC10029E436 /* MyGroupView.swift in Sources */,
				312E98E72ACD2EAA00E38626 /* UIImagePickerController.SourceType+Extensions.swift in Sources */,
				3AF1D4AB2AD4D62C00ECE1A8 /* MainMapOverSheetView.swift in Sources */,
				3AF1D4A62AD4D5C000ECE1A8 /* MainMapView.swift in Sources */,
				3AF1D4AD2AD4D65900ECE1A8 /* NaverMapView.swift in Sources */,
				991E7B922AD7D1BA002ECEE3 /* TabBarAccessor.swift in Sources */,
				3A8FAAE52ACD4D00008C8CA3 /* Font+Extensions.swift in Sources */,
				3A8FAAE52ACD4D00008C8CA3 /* Font+Extensions.swift in Sources */,
				993274172AD5360E0082FCEC /* GrewScheduleImage.swift in Sources */,
				21C1F1AD2ACFEE810029E436 /* UserContentListView.swift in Sources */,
				312E98672ACCED3600E38626 /* GrewApp.swift in Sources */,
				3137A2852AD62EEE000E9ADF /* MapView.swift in Sources */,
				311097462AD417AD000D85AD /* AuthStartView.swift in Sources */,
				312E98E52ACD2EAA00E38626 /* Date+Extensions.swift in Sources */,
				3AF1D4AF2AD4D75A00ECE1A8 /* MapListItemView.swift in Sources */,
				993274132AD531F40082FCEC /* GrewScheduleCell.swift in Sources */,
				311097B12AD4188E000D85AD /* FirestoreService.swift in Sources */,
				311097A92AD41882000D85AD /* SettingStore.swift in Sources */,
				311097482AD417AD000D85AD /* AuthAddMainInfoView.swift in Sources */,
				CE467ADB2AD530CA00143213 /* View+Extensions.swift in Sources */,
				311097482AD417AD000D85AD /* AuthAddMainInfoView.swift in Sources */,
				311097582AD417ED000D85AD /* MessageBubbles.swift in Sources */,
				99266D872AD710D400FB6AC1 /* GrewButtonModifier.swift in Sources */,
				311097AC2AD41882000D85AD /* User.swift in Sources */,
				21C1F1AB2ACFEE670029E436 /* ProfileView.swift in Sources */,
				311097BB2AD418A6000D85AD /* FirebaseEnums.swift in Sources */,
				99D2C6442ACD4913001FEC20 /* HomeView.swift in Sources */,
				311097C02AD418C1000D85AD /* AnimationModifier.swift in Sources */,
				311097602AD417FD000D85AD /* ChatRoom.swift in Sources */,
				CEB6CBB92AD682DE00515EEA /* GrewTextField.swift in Sources */,
				3110975A2AD417ED000D85AD /* ChatSideMenuView.swift in Sources */,
				311097822AD41816000D85AD /* TempHomeCategory.swift in Sources */,
				3110976F2AD4180F000D85AD /* NewGroupView.swift in Sources */,
				CE467AD72AD5061C00143213 /* GrewSearchView.swift in Sources */,
				311097BA2AD418A6000D85AD /* Constants.swift in Sources */,
				CE467ADD2AD5316500143213 /* GrewAlertModifier.swift in Sources */,
				3110976E2AD4180F000D85AD /* GroupCategoryView.swift in Sources */,
				64877CB22AD5145100192DB4 /* AuthAgreeView.swift in Sources */,
				311097B52AD41897000D85AD /* CircularProfileImageView.swift in Sources */,
				311097BE2AD418B3000D85AD /* FireCodable.swift in Sources */,
				64877CB82AD5BF8E00192DB4 /* AuthRegisterEmailView.swift in Sources */,
				311097B22AD4188E000D85AD /* DateService.swift in Sources */,
				3110975F2AD417FD000D85AD /* ChatSegment.swift in Sources */,
				311097612AD417FD000D85AD /* Bubble.swift in Sources */,
				312E98E32ACD2EAA00E38626 /* UIImage+Extensions.swift in Sources */,
				3110973A2AD417A1000D85AD /* UserStore.swift in Sources */,
				311097A72AD41882000D85AD /* GrewViewModel.swift in Sources */,
				311097712AD4180F000D85AD /* GroupAlertView.swift in Sources */,
				311097442AD417AD000D85AD /* AuthCompleteView.swift in Sources */,
				995095322ADCD6D3003A822E /* GroupMainCategoryView.swift in Sources */,
				64AB27D62AD6683E004DE65F /* LaunchVM.swift in Sources */,
				3137A2822AD62ED1000E9ADF /* GrewImageView.swift in Sources */,
				311097702AD4180F000D85AD /* GroupMembersEditView.swift in Sources */,
				312E98E42ACD2EAA00E38626 /* Image+Extensions.swift in Sources */,
				2157096A2AD68960006ABE35 /* ImageEditModalView.swift in Sources */,
				311097872AD41816000D85AD /* CategoryButtonView.swift in Sources */,
				2157096C2AD69246006ABE35 /* CameraView.swift in Sources */,
				311097472AD417AD000D85AD /* AuthAddDetailInfoView.swift in Sources */,
				3AF1D4A92AD4D60700ECE1A8 /* MainMapOverTopView.swift in Sources */,
				311097872AD41816000D85AD /* CategoryButtonView.swift in Sources */,
				311097472AD417AD000D85AD /* AuthAddDetailInfoView.swift in Sources */,
				21C1F1B62ACFEEDD0029E436 /* MyGroupScheduleView.swift in Sources */,
				311097C42AD41982000D85AD /* ChatUserContentListView.swift in Sources */,
				311097A52AD41882000D85AD /* Category.swift in Sources */,
				311097AA2AD41882000D85AD /* ImagePicker.swift in Sources */,
				993274152AD5325B0082FCEC /* GrewScheduleListView.swift in Sources */,
				312E98E62ACD2EAA00E38626 /* Encodable+Extensions.swift in Sources */,
				311097A42AD41882000D85AD /* Announcement.swift in Sources */,
				64877CB62AD5B2BD00192DB4 /* AuthProgressBar.swift in Sources */,
				311097452AD417AD000D85AD /* AuthSignEmailView.swift in Sources */,
				311097592AD417ED000D85AD /* ChatRoomCell.swift in Sources */,
				312E98E12ACD2EAA00E38626 /* Array+Extensions.swift in Sources */,
				311097622AD417FD000D85AD /* ChatMessage.swift in Sources */,
				311097B62AD41897000D85AD /* LoadingView.swift in Sources */,
				2157095F2AD530F8006ABE35 /* ProfileHeaderView.swift in Sources */,
				3110973B2AD417A1000D85AD /* AuthStore.swift in Sources */,
				311097A82AD41882000D85AD /* Grew.swift in Sources */,
				312E98E02ACD2EAA00E38626 /* Color+Extensions.swift in Sources */,
				21C1F1AF2ACFEE980029E436 /* RoundSpecificCorners.swift in Sources */,
				311097752AD4180F000D85AD /* GroupNameView.swift in Sources */,
				311097B02AD4188E000D85AD /* FirebaseManager.swift in Sources */,
				311097882AD41816000D85AD /* HomeBannerView.swift in Sources */,
				311097842AD41816000D85AD /* CategoryDetailView.swift in Sources */,
			);
			runOnlyForDeploymentPostprocessing = 0;
		};
/* End PBXSourcesBuildPhase section */

/* Begin XCBuildConfiguration section */
		312E986F2ACCED3800E38626 /* Debug */ = {
			isa = XCBuildConfiguration;
			buildSettings = {
				ALWAYS_SEARCH_USER_PATHS = NO;
				ASSETCATALOG_COMPILER_GENERATE_SWIFT_ASSET_SYMBOL_EXTENSIONS = YES;
				CLANG_ANALYZER_NONNULL = YES;
				CLANG_ANALYZER_NUMBER_OBJECT_CONVERSION = YES_AGGRESSIVE;
				CLANG_CXX_LANGUAGE_STANDARD = "gnu++20";
				CLANG_ENABLE_MODULES = YES;
				CLANG_ENABLE_OBJC_ARC = YES;
				CLANG_ENABLE_OBJC_WEAK = YES;
				CLANG_WARN_BLOCK_CAPTURE_AUTORELEASING = YES;
				CLANG_WARN_BOOL_CONVERSION = YES;
				CLANG_WARN_COMMA = YES;
				CLANG_WARN_CONSTANT_CONVERSION = YES;
				CLANG_WARN_DEPRECATED_OBJC_IMPLEMENTATIONS = YES;
				CLANG_WARN_DIRECT_OBJC_ISA_USAGE = YES_ERROR;
				CLANG_WARN_DOCUMENTATION_COMMENTS = YES;
				CLANG_WARN_EMPTY_BODY = YES;
				CLANG_WARN_ENUM_CONVERSION = YES;
				CLANG_WARN_INFINITE_RECURSION = YES;
				CLANG_WARN_INT_CONVERSION = YES;
				CLANG_WARN_NON_LITERAL_NULL_CONVERSION = YES;
				CLANG_WARN_OBJC_IMPLICIT_RETAIN_SELF = YES;
				CLANG_WARN_OBJC_LITERAL_CONVERSION = YES;
				CLANG_WARN_OBJC_ROOT_CLASS = YES_ERROR;
				CLANG_WARN_QUOTED_INCLUDE_IN_FRAMEWORK_HEADER = YES;
				CLANG_WARN_RANGE_LOOP_ANALYSIS = YES;
				CLANG_WARN_STRICT_PROTOTYPES = YES;
				CLANG_WARN_SUSPICIOUS_MOVE = YES;
				CLANG_WARN_UNGUARDED_AVAILABILITY = YES_AGGRESSIVE;
				CLANG_WARN_UNREACHABLE_CODE = YES;
				CLANG_WARN__DUPLICATE_METHOD_MATCH = YES;
				COPY_PHASE_STRIP = NO;
				DEBUG_INFORMATION_FORMAT = dwarf;
				ENABLE_STRICT_OBJC_MSGSEND = YES;
				ENABLE_TESTABILITY = YES;
				ENABLE_USER_SCRIPT_SANDBOXING = YES;
				GCC_C_LANGUAGE_STANDARD = gnu17;
				GCC_DYNAMIC_NO_PIC = NO;
				GCC_NO_COMMON_BLOCKS = YES;
				GCC_OPTIMIZATION_LEVEL = 0;
				GCC_PREPROCESSOR_DEFINITIONS = (
					"DEBUG=1",
					"$(inherited)",
				);
				GCC_WARN_64_TO_32_BIT_CONVERSION = YES;
				GCC_WARN_ABOUT_RETURN_TYPE = YES_ERROR;
				GCC_WARN_UNDECLARED_SELECTOR = YES;
				GCC_WARN_UNINITIALIZED_AUTOS = YES_AGGRESSIVE;
				GCC_WARN_UNUSED_FUNCTION = YES;
				GCC_WARN_UNUSED_VARIABLE = YES;
				IPHONEOS_DEPLOYMENT_TARGET = 17.0;
				LOCALIZATION_PREFERS_STRING_CATALOGS = YES;
				MTL_ENABLE_DEBUG_INFO = INCLUDE_SOURCE;
				MTL_FAST_MATH = YES;
				ONLY_ACTIVE_ARCH = YES;
				SDKROOT = iphoneos;
				SWIFT_ACTIVE_COMPILATION_CONDITIONS = "DEBUG $(inherited)";
				SWIFT_OPTIMIZATION_LEVEL = "-Onone";
			};
			name = Debug;
		};
		312E98702ACCED3800E38626 /* Release */ = {
			isa = XCBuildConfiguration;
			buildSettings = {
				ALWAYS_SEARCH_USER_PATHS = NO;
				ASSETCATALOG_COMPILER_GENERATE_SWIFT_ASSET_SYMBOL_EXTENSIONS = YES;
				CLANG_ANALYZER_NONNULL = YES;
				CLANG_ANALYZER_NUMBER_OBJECT_CONVERSION = YES_AGGRESSIVE;
				CLANG_CXX_LANGUAGE_STANDARD = "gnu++20";
				CLANG_ENABLE_MODULES = YES;
				CLANG_ENABLE_OBJC_ARC = YES;
				CLANG_ENABLE_OBJC_WEAK = YES;
				CLANG_WARN_BLOCK_CAPTURE_AUTORELEASING = YES;
				CLANG_WARN_BOOL_CONVERSION = YES;
				CLANG_WARN_COMMA = YES;
				CLANG_WARN_CONSTANT_CONVERSION = YES;
				CLANG_WARN_DEPRECATED_OBJC_IMPLEMENTATIONS = YES;
				CLANG_WARN_DIRECT_OBJC_ISA_USAGE = YES_ERROR;
				CLANG_WARN_DOCUMENTATION_COMMENTS = YES;
				CLANG_WARN_EMPTY_BODY = YES;
				CLANG_WARN_ENUM_CONVERSION = YES;
				CLANG_WARN_INFINITE_RECURSION = YES;
				CLANG_WARN_INT_CONVERSION = YES;
				CLANG_WARN_NON_LITERAL_NULL_CONVERSION = YES;
				CLANG_WARN_OBJC_IMPLICIT_RETAIN_SELF = YES;
				CLANG_WARN_OBJC_LITERAL_CONVERSION = YES;
				CLANG_WARN_OBJC_ROOT_CLASS = YES_ERROR;
				CLANG_WARN_QUOTED_INCLUDE_IN_FRAMEWORK_HEADER = YES;
				CLANG_WARN_RANGE_LOOP_ANALYSIS = YES;
				CLANG_WARN_STRICT_PROTOTYPES = YES;
				CLANG_WARN_SUSPICIOUS_MOVE = YES;
				CLANG_WARN_UNGUARDED_AVAILABILITY = YES_AGGRESSIVE;
				CLANG_WARN_UNREACHABLE_CODE = YES;
				CLANG_WARN__DUPLICATE_METHOD_MATCH = YES;
				COPY_PHASE_STRIP = NO;
				DEBUG_INFORMATION_FORMAT = "dwarf-with-dsym";
				ENABLE_NS_ASSERTIONS = NO;
				ENABLE_STRICT_OBJC_MSGSEND = YES;
				ENABLE_USER_SCRIPT_SANDBOXING = YES;
				GCC_C_LANGUAGE_STANDARD = gnu17;
				GCC_NO_COMMON_BLOCKS = YES;
				GCC_WARN_64_TO_32_BIT_CONVERSION = YES;
				GCC_WARN_ABOUT_RETURN_TYPE = YES_ERROR;
				GCC_WARN_UNDECLARED_SELECTOR = YES;
				GCC_WARN_UNINITIALIZED_AUTOS = YES_AGGRESSIVE;
				GCC_WARN_UNUSED_FUNCTION = YES;
				GCC_WARN_UNUSED_VARIABLE = YES;
				IPHONEOS_DEPLOYMENT_TARGET = 17.0;
				LOCALIZATION_PREFERS_STRING_CATALOGS = YES;
				MTL_ENABLE_DEBUG_INFO = NO;
				MTL_FAST_MATH = YES;
				SDKROOT = iphoneos;
				SWIFT_COMPILATION_MODE = wholemodule;
				VALIDATE_PRODUCT = YES;
			};
			name = Release;
		};
		312E98722ACCED3800E38626 /* Debug */ = {
			isa = XCBuildConfiguration;
			baseConfigurationReference = 1EEADA76F4AB5F4F868CFB93 /* Pods-Grew.debug.xcconfig */;
			buildSettings = {
				ASSETCATALOG_COMPILER_APPICON_NAME = AppIcon;
				ASSETCATALOG_COMPILER_GLOBAL_ACCENT_COLOR_NAME = AccentColor;
				CODE_SIGN_STYLE = Automatic;
				CURRENT_PROJECT_VERSION = 1;
				DEVELOPMENT_ASSET_PATHS = "\"Grew/Preview Content\"";
				DEVELOPMENT_TEAM = 6R3M7VGRP2;
				ENABLE_CODE_COVERAGE = NO;
				ENABLE_PREVIEWS = YES;
				ENABLE_USER_SCRIPT_SANDBOXING = NO;
				GENERATE_INFOPLIST_FILE = YES;
				INFOPLIST_FILE = Grew/Info.plist;
				INFOPLIST_KEY_NSPhotoLibraryUsageDescription = "";
				INFOPLIST_KEY_UIApplicationSceneManifest_Generation = YES;
				INFOPLIST_KEY_UIApplicationSupportsIndirectInputEvents = YES;
				INFOPLIST_KEY_UILaunchScreen_Generation = YES;
				INFOPLIST_KEY_UISupportedInterfaceOrientations = UIInterfaceOrientationPortrait;
				LD_RUNPATH_SEARCH_PATHS = (
					"$(inherited)",
					"@executable_path/Frameworks",
				);
				MARKETING_VERSION = 1.0;
				PRODUCT_BUNDLE_IDENTIFIER = education.techit.forrest.grew.dev;
				PRODUCT_NAME = "$(TARGET_NAME)";
				SUPPORTED_PLATFORMS = "iphoneos iphonesimulator";
				SUPPORTS_MACCATALYST = NO;
				SUPPORTS_MAC_DESIGNED_FOR_IPHONE_IPAD = NO;
				SWIFT_EMIT_LOC_STRINGS = YES;
				SWIFT_VERSION = 5.0;
				TARGETED_DEVICE_FAMILY = 1;
			};
			name = Debug;
		};
		312E98732ACCED3800E38626 /* Release */ = {
			isa = XCBuildConfiguration;
			baseConfigurationReference = 5A7D7ADE29123FE30746CD7D /* Pods-Grew.release.xcconfig */;
			buildSettings = {
				ASSETCATALOG_COMPILER_APPICON_NAME = AppIcon;
				ASSETCATALOG_COMPILER_GLOBAL_ACCENT_COLOR_NAME = AccentColor;
				CODE_SIGN_STYLE = Automatic;
				CURRENT_PROJECT_VERSION = 1;
				DEVELOPMENT_ASSET_PATHS = "\"Grew/Preview Content\"";
				DEVELOPMENT_TEAM = 6R3M7VGRP2;
				ENABLE_CODE_COVERAGE = NO;
				ENABLE_PREVIEWS = YES;
				ENABLE_USER_SCRIPT_SANDBOXING = NO;
				GENERATE_INFOPLIST_FILE = YES;
				INFOPLIST_FILE = Grew/Info.plist;
				INFOPLIST_KEY_NSPhotoLibraryUsageDescription = "";
				INFOPLIST_KEY_UIApplicationSceneManifest_Generation = YES;
				INFOPLIST_KEY_UIApplicationSupportsIndirectInputEvents = YES;
				INFOPLIST_KEY_UILaunchScreen_Generation = YES;
				INFOPLIST_KEY_UISupportedInterfaceOrientations = UIInterfaceOrientationPortrait;
				LD_RUNPATH_SEARCH_PATHS = (
					"$(inherited)",
					"@executable_path/Frameworks",
				);
				MARKETING_VERSION = 1.0;
				PRODUCT_BUNDLE_IDENTIFIER = education.techit.forrest.grew.dev;
				PRODUCT_NAME = "$(TARGET_NAME)";
				SUPPORTED_PLATFORMS = "iphoneos iphonesimulator";
				SUPPORTS_MACCATALYST = NO;
				SUPPORTS_MAC_DESIGNED_FOR_IPHONE_IPAD = NO;
				SWIFT_EMIT_LOC_STRINGS = YES;
				SWIFT_VERSION = 5.0;
				TARGETED_DEVICE_FAMILY = 1;
			};
			name = Release;
		};
/* End XCBuildConfiguration section */

/* Begin XCConfigurationList section */
		312E985E2ACCED3600E38626 /* Build configuration list for PBXProject "Grew" */ = {
			isa = XCConfigurationList;
			buildConfigurations = (
				312E986F2ACCED3800E38626 /* Debug */,
				312E98702ACCED3800E38626 /* Release */,
			);
			defaultConfigurationIsVisible = 0;
			defaultConfigurationName = Release;
		};
		312E98712ACCED3800E38626 /* Build configuration list for PBXNativeTarget "Grew" */ = {
			isa = XCConfigurationList;
			buildConfigurations = (
				312E98722ACCED3800E38626 /* Debug */,
				312E98732ACCED3800E38626 /* Release */,
			);
			defaultConfigurationIsVisible = 0;
			defaultConfigurationName = Release;
		};
/* End XCConfigurationList section */

/* Begin XCRemoteSwiftPackageReference section */
		312E98742ACCF23F00E38626 /* XCRemoteSwiftPackageReference "Kingfisher" */ = {
			isa = XCRemoteSwiftPackageReference;
			repositoryURL = "https://github.com/onevcat/Kingfisher.git";
			requirement = {
				kind = upToNextMajorVersion;
				minimumVersion = 7.9.1;
			};
		};
		312E98772ACCF35100E38626 /* XCRemoteSwiftPackageReference "firebase-ios-sdk" */ = {
			isa = XCRemoteSwiftPackageReference;
			repositoryURL = "https://github.com/firebase/firebase-ios-sdk";
			requirement = {
				kind = upToNextMajorVersion;
				minimumVersion = 10.16.0;
			};
		};
		312E989B2ACCF7E000E38626 /* XCRemoteSwiftPackageReference "facebook-ios-sdk" */ = {
			isa = XCRemoteSwiftPackageReference;
			repositoryURL = "https://github.com/facebook/facebook-ios-sdk";
			requirement = {
				kind = upToNextMajorVersion;
				minimumVersion = 14.1.0;
			};
		};
		312E98A82ACCF80300E38626 /* XCRemoteSwiftPackageReference "kakao-ios-sdk" */ = {
			isa = XCRemoteSwiftPackageReference;
			repositoryURL = "https://github.com/kakao/kakao-ios-sdk";
			requirement = {
				kind = upToNextMajorVersion;
				minimumVersion = 2.18.0;
			};
		};
		312E98C62ACD20FF00E38626 /* XCRemoteSwiftPackageReference "GoogleSignIn-iOS" */ = {
			isa = XCRemoteSwiftPackageReference;
			repositoryURL = "https://github.com/google/GoogleSignIn-iOS";
			requirement = {
				kind = upToNextMajorVersion;
				minimumVersion = 7.0.0;
			};
		};
		99266D812AD635B900FB6AC1 /* XCRemoteSwiftPackageReference "ConfettiSwiftUI" */ = {
			isa = XCRemoteSwiftPackageReference;
			repositoryURL = "https://github.com/simibac/ConfettiSwiftUI.git";
			requirement = {
				kind = upToNextMajorVersion;
				minimumVersion = 1.1.0;
			};
		};
/* End XCRemoteSwiftPackageReference section */

/* Begin XCSwiftPackageProductDependency section */
		312E98752ACCF23F00E38626 /* Kingfisher */ = {
			isa = XCSwiftPackageProductDependency;
			package = 312E98742ACCF23F00E38626 /* XCRemoteSwiftPackageReference "Kingfisher" */;
			productName = Kingfisher;
		};
		312E98782ACCF35100E38626 /* FirebaseAuth */ = {
			isa = XCSwiftPackageProductDependency;
			package = 312E98772ACCF35100E38626 /* XCRemoteSwiftPackageReference "firebase-ios-sdk" */;
			productName = FirebaseAuth;
		};
		312E987A2ACCF35100E38626 /* FirebaseAuthCombine-Community */ = {
			isa = XCSwiftPackageProductDependency;
			package = 312E98772ACCF35100E38626 /* XCRemoteSwiftPackageReference "firebase-ios-sdk" */;
			productName = "FirebaseAuthCombine-Community";
		};
		312E987C2ACCF35100E38626 /* FirebaseDatabase */ = {
			isa = XCSwiftPackageProductDependency;
			package = 312E98772ACCF35100E38626 /* XCRemoteSwiftPackageReference "firebase-ios-sdk" */;
			productName = FirebaseDatabase;
		};
		312E987E2ACCF35100E38626 /* FirebaseDatabaseSwift */ = {
			isa = XCSwiftPackageProductDependency;
			package = 312E98772ACCF35100E38626 /* XCRemoteSwiftPackageReference "firebase-ios-sdk" */;
			productName = FirebaseDatabaseSwift;
		};
		312E98802ACCF35100E38626 /* FirebaseFirestore */ = {
			isa = XCSwiftPackageProductDependency;
			package = 312E98772ACCF35100E38626 /* XCRemoteSwiftPackageReference "firebase-ios-sdk" */;
			productName = FirebaseFirestore;
		};
		312E98822ACCF35100E38626 /* FirebaseFirestoreCombine-Community */ = {
			isa = XCSwiftPackageProductDependency;
			package = 312E98772ACCF35100E38626 /* XCRemoteSwiftPackageReference "firebase-ios-sdk" */;
			productName = "FirebaseFirestoreCombine-Community";
		};
		312E98842ACCF35100E38626 /* FirebaseFirestoreSwift */ = {
			isa = XCSwiftPackageProductDependency;
			package = 312E98772ACCF35100E38626 /* XCRemoteSwiftPackageReference "firebase-ios-sdk" */;
			productName = FirebaseFirestoreSwift;
		};
		312E98862ACCF35100E38626 /* FirebaseFunctions */ = {
			isa = XCSwiftPackageProductDependency;
			package = 312E98772ACCF35100E38626 /* XCRemoteSwiftPackageReference "firebase-ios-sdk" */;
			productName = FirebaseFunctions;
		};
		312E988E2ACCF35100E38626 /* FirebaseInstallations */ = {
			isa = XCSwiftPackageProductDependency;
			package = 312E98772ACCF35100E38626 /* XCRemoteSwiftPackageReference "firebase-ios-sdk" */;
			productName = FirebaseInstallations;
		};
		312E98922ACCF35100E38626 /* FirebaseMessaging */ = {
			isa = XCSwiftPackageProductDependency;
			package = 312E98772ACCF35100E38626 /* XCRemoteSwiftPackageReference "firebase-ios-sdk" */;
			productName = FirebaseMessaging;
		};
		312E98942ACCF35100E38626 /* FirebaseStorage */ = {
			isa = XCSwiftPackageProductDependency;
			package = 312E98772ACCF35100E38626 /* XCRemoteSwiftPackageReference "firebase-ios-sdk" */;
			productName = FirebaseStorage;
		};
		312E98962ACCF35100E38626 /* FirebaseStorageCombine-Community */ = {
			isa = XCSwiftPackageProductDependency;
			package = 312E98772ACCF35100E38626 /* XCRemoteSwiftPackageReference "firebase-ios-sdk" */;
			productName = "FirebaseStorageCombine-Community";
		};
		312E989E2ACCF7E000E38626 /* FacebookBasics */ = {
			isa = XCSwiftPackageProductDependency;
			package = 312E989B2ACCF7E000E38626 /* XCRemoteSwiftPackageReference "facebook-ios-sdk" */;
			productName = FacebookBasics;
		};
		312E98A02ACCF7E000E38626 /* FacebookCore */ = {
			isa = XCSwiftPackageProductDependency;
			package = 312E989B2ACCF7E000E38626 /* XCRemoteSwiftPackageReference "facebook-ios-sdk" */;
			productName = FacebookCore;
		};
		312E98A22ACCF7E000E38626 /* FacebookLogin */ = {
			isa = XCSwiftPackageProductDependency;
			package = 312E989B2ACCF7E000E38626 /* XCRemoteSwiftPackageReference "facebook-ios-sdk" */;
			productName = FacebookLogin;
		};
		312E98A92ACCF80300E38626 /* KakaoSDK */ = {
			isa = XCSwiftPackageProductDependency;
			package = 312E98A82ACCF80300E38626 /* XCRemoteSwiftPackageReference "kakao-ios-sdk" */;
			productName = KakaoSDK;
		};
		312E98AB2ACCF80300E38626 /* KakaoSDKAuth */ = {
			isa = XCSwiftPackageProductDependency;
			package = 312E98A82ACCF80300E38626 /* XCRemoteSwiftPackageReference "kakao-ios-sdk" */;
			productName = KakaoSDKAuth;
		};
		312E98B12ACCF80300E38626 /* KakaoSDKCommon */ = {
			isa = XCSwiftPackageProductDependency;
			package = 312E98A82ACCF80300E38626 /* XCRemoteSwiftPackageReference "kakao-ios-sdk" */;
			productName = KakaoSDKCommon;
		};
		312E98B52ACCF80300E38626 /* KakaoSDKFriendCore */ = {
			isa = XCSwiftPackageProductDependency;
			package = 312E98A82ACCF80300E38626 /* XCRemoteSwiftPackageReference "kakao-ios-sdk" */;
			productName = KakaoSDKFriendCore;
		};
		312E98C12ACCF80300E38626 /* KakaoSDKUser */ = {
			isa = XCSwiftPackageProductDependency;
			package = 312E98A82ACCF80300E38626 /* XCRemoteSwiftPackageReference "kakao-ios-sdk" */;
			productName = KakaoSDKUser;
		};
		312E98C72ACD20FF00E38626 /* GoogleSignIn */ = {
			isa = XCSwiftPackageProductDependency;
			package = 312E98C62ACD20FF00E38626 /* XCRemoteSwiftPackageReference "GoogleSignIn-iOS" */;
			productName = GoogleSignIn;
		};
		312E98C92ACD20FF00E38626 /* GoogleSignInSwift */ = {
			isa = XCSwiftPackageProductDependency;
			package = 312E98C62ACD20FF00E38626 /* XCRemoteSwiftPackageReference "GoogleSignIn-iOS" */;
			productName = GoogleSignInSwift;
		};
		99266D822AD635BA00FB6AC1 /* ConfettiSwiftUI */ = {
			isa = XCSwiftPackageProductDependency;
			package = 99266D812AD635B900FB6AC1 /* XCRemoteSwiftPackageReference "ConfettiSwiftUI" */;
			productName = ConfettiSwiftUI;
		};
/* End XCSwiftPackageProductDependency section */
	};
	rootObject = 312E985B2ACCED3600E38626 /* Project object */;
}
